// !$*UTF8*$!
{
	archiveVersion = 1;
	classes = {
	};
	objectVersion = 46;
	objects = {

/* Begin PBXBuildFile section */
		FC4B24B91DD8C2070087CE08 /* AppDelegate.m in Sources */ = {isa = PBXBuildFile; fileRef = FC4B24B81DD8C2070087CE08 /* AppDelegate.m */; };
		FC4B24BC1DD8C2070087CE08 /* main.m in Sources */ = {isa = PBXBuildFile; fileRef = FC4B24BB1DD8C2070087CE08 /* main.m */; };
		FC4B24BF1DD8C2070087CE08 /* ViewController.m in Sources */ = {isa = PBXBuildFile; fileRef = FC4B24BE1DD8C2070087CE08 /* ViewController.m */; };
		FC4B24C11DD8C2070087CE08 /* Assets.xcassets in Resources */ = {isa = PBXBuildFile; fileRef = FC4B24C01DD8C2070087CE08 /* Assets.xcassets */; };
		FC4B24C41DD8C2070087CE08 /* Main.storyboard in Resources */ = {isa = PBXBuildFile; fileRef = FC4B24C21DD8C2070087CE08 /* Main.storyboard */; };
/* End PBXBuildFile section */

/* Begin PBXFileReference section */
		FC4B24B41DD8C2070087CE08 /* AppEjercicio10.app */ = {isa = PBXFileReference; explicitFileType = wrapper.application; includeInIndex = 0; path = AppEjercicio10.app; sourceTree = BUILT_PRODUCTS_DIR; };
		FC4B24B71DD8C2070087CE08 /* AppDelegate.h */ = {isa = PBXFileReference; lastKnownFileType = sourcecode.c.h; path = AppDelegate.h; sourceTree = "<group>"; };
		FC4B24B81DD8C2070087CE08 /* AppDelegate.m */ = {isa = PBXFileReference; lastKnownFileType = sourcecode.c.objc; path = AppDelegate.m; sourceTree = "<group>"; };
		FC4B24BB1DD8C2070087CE08 /* main.m */ = {isa = PBXFileReference; lastKnownFileType = sourcecode.c.objc; path = main.m; sourceTree = "<group>"; };
		FC4B24BD1DD8C2070087CE08 /* ViewController.h */ = {isa = PBXFileReference; lastKnownFileType = sourcecode.c.h; path = ViewController.h; sourceTree = "<group>"; };
		FC4B24BE1DD8C2070087CE08 /* ViewController.m */ = {isa = PBXFileReference; lastKnownFileType = sourcecode.c.objc; path = ViewController.m; sourceTree = "<group>"; };
		FC4B24C01DD8C2070087CE08 /* Assets.xcassets */ = {isa = PBXFileReference; lastKnownFileType = folder.assetcatalog; path = Assets.xcassets; sourceTree = "<group>"; };
		FC4B24C31DD8C2070087CE08 /* Base */ = {isa = PBXFileReference; lastKnownFileType = file.storyboard; name = Base; path = Base.lproj/Main.storyboard; sourceTree = "<group>"; };
		FC4B24C51DD8C2070087CE08 /* Info.plist */ = {isa = PBXFileReference; lastKnownFileType = text.plist.xml; path = Info.plist; sourceTree = "<group>"; };
/* End PBXFileReference section */

/* Begin PBXFrameworksBuildPhase section */
		FC4B24B11DD8C2070087CE08 /* Frameworks */ = {
			isa = PBXFrameworksBuildPhase;
			buildActionMask = 2147483647;
			files = (
			);
			runOnlyForDeploymentPostprocessing = 0;
		};
/* End PBXFrameworksBuildPhase section */

/* Begin PBXGroup section */
		FC4B24AB1DD8C2070087CE08 = {
			isa = PBXGroup;
			children = (
				FC4B24B61DD8C2070087CE08 /* AppEjercicio10 */,
				FC4B24B51DD8C2070087CE08 /* Products */,
			);
			sourceTree = "<group>";
		};
		FC4B24B51DD8C2070087CE08 /* Products */ = {
			isa = PBXGroup;
			children = (
				FC4B24B41DD8C2070087CE08 /* AppEjercicio10.app */,
			);
			name = Products;
			sourceTree = "<group>";
		};
		FC4B24B61DD8C2070087CE08 /* AppEjercicio10 */ = {
			isa = PBXGroup;
			children = (
				FC4B24B71DD8C2070087CE08 /* AppDelegate.h */,
				FC4B24B81DD8C2070087CE08 /* AppDelegate.m */,
				FC4B24BD1DD8C2070087CE08 /* ViewController.h */,
				FC4B24BE1DD8C2070087CE08 /* ViewController.m */,
				FC4B24C01DD8C2070087CE08 /* Assets.xcassets */,
				FC4B24C21DD8C2070087CE08 /* Main.storyboard */,
				FC4B24C51DD8C2070087CE08 /* Info.plist */,
				FC4B24BA1DD8C2070087CE08 /* Supporting Files */,
			);
			path = AppEjercicio10;
			sourceTree = "<group>";
		};
		FC4B24BA1DD8C2070087CE08 /* Supporting Files */ = {
			isa = PBXGroup;
			children = (
				FC4B24BB1DD8C2070087CE08 /* main.m */,
			);
			name = "Supporting Files";
			sourceTree = "<group>";
		};
/* End PBXGroup section */

/* Begin PBXNativeTarget section */
		FC4B24B31DD8C2070087CE08 /* AppEjercicio10 */ = {
			isa = PBXNativeTarget;
			buildConfigurationList = FC4B24C81DD8C2070087CE08 /* Build configuration list for PBXNativeTarget "AppEjercicio10" */;
			buildPhases = (
				FC4B24B01DD8C2070087CE08 /* Sources */,
				FC4B24B11DD8C2070087CE08 /* Frameworks */,
				FC4B24B21DD8C2070087CE08 /* Resources */,
			);
			buildRules = (
			);
			dependencies = (
			);
			name = AppEjercicio10;
			productName = AppEjercicio10;
			productReference = FC4B24B41DD8C2070087CE08 /* AppEjercicio10.app */;
			productType = "com.apple.product-type.application";
		};
/* End PBXNativeTarget section */

/* Begin PBXProject section */
		FC4B24AC1DD8C2070087CE08 /* Project object */ = {
			isa = PBXProject;
			attributes = {
				LastUpgradeCheck = 0800;
				ORGANIZATIONNAME = "Felipe Hernandez";
				TargetAttributes = {
					FC4B24B31DD8C2070087CE08 = {
						CreatedOnToolsVersion = 8.0;
						ProvisioningStyle = Automatic;
					};
				};
			};
			buildConfigurationList = FC4B24AF1DD8C2070087CE08 /* Build configuration list for PBXProject "AppEjercicio10" */;
			compatibilityVersion = "Xcode 3.2";
			developmentRegion = English;
			hasScannedForEncodings = 0;
			knownRegions = (
				en,
				Base,
			);
			mainGroup = FC4B24AB1DD8C2070087CE08;
			productRefGroup = FC4B24B51DD8C2070087CE08 /* Products */;
			projectDirPath = "";
			projectRoot = "";
			targets = (
				FC4B24B31DD8C2070087CE08 /* AppEjercicio10 */,
			);
		};
/* End PBXProject section */

/* Begin PBXResourcesBuildPhase section */
		FC4B24B21DD8C2070087CE08 /* Resources */ = {
			isa = PBXResourcesBuildPhase;
			buildActionMask = 2147483647;
			files = (
				FC4B24C11DD8C2070087CE08 /* Assets.xcassets in Resources */,
				FC4B24C41DD8C2070087CE08 /* Main.storyboard in Resources */,
			);
			runOnlyForDeploymentPostprocessing = 0;
		};
/* End PBXResourcesBuildPhase section */

/* Begin PBXSourcesBuildPhase section */
		FC4B24B01DD8C2070087CE08 /* Sources */ = {
			isa = PBXSourcesBuildPhase;
			buildActionMask = 2147483647;
			files = (
				FC4B24BF1DD8C2070087CE08 /* ViewController.m in Sources */,
				FC4B24BC1DD8C2070087CE08 /* main.m in Sources */,
				FC4B24B91DD8C2070087CE08 /* AppDelegate.m in Sources */,
			);
			runOnlyForDeploymentPostprocessing = 0;
		};
/* End PBXSourcesBuildPhase section */

/* Begin PBXVariantGroup section */
		FC4B24C21DD8C2070087CE08 /* Main.storyboard */ = {
			isa = PBXVariantGroup;
			children = (
				FC4B24C31DD8C2070087CE08 /* Base */,
			);
			name = Main.storyboard;
			sourceTree = "<group>";
		};
/* End PBXVariantGroup section */

/* Begin XCBuildConfiguration section */
		FC4B24C61DD8C2070087CE08 /* Debug */ = {
			isa = XCBuildConfiguration;
			buildSettings = {
				ALWAYS_SEARCH_USER_PATHS = NO;
				CLANG_ANALYZER_NONNULL = YES;
				CLANG_CXX_LANGUAGE_STANDARD = "gnu++0x";
				CLANG_CXX_LIBRARY = "libc++";
				CLANG_ENABLE_MODULES = YES;
				CLANG_ENABLE_OBJC_ARC = YES;
				CLANG_WARN_BOOL_CONVERSION = YES;
				CLANG_WARN_CONSTANT_CONVERSION = YES;
				CLANG_WARN_DIRECT_OBJC_ISA_USAGE = YES_ERROR;
				CLANG_WARN_DOCUMENTATION_COMMENTS = YES;
				CLANG_WARN_EMPTY_BODY = YES;
				CLANG_WARN_ENUM_CONVERSION = YES;
				CLANG_WARN_INFINITE_RECURSION = YES;
				CLANG_WARN_INT_CONVERSION = YES;
				CLANG_WARN_OBJC_ROOT_CLASS = YES_ERROR;
				CLANG_WARN_SUSPICIOUS_MOVES = YES;
				CLANG_WARN_UNREACHABLE_CODE = YES;
				CLANG_WARN__DUPLICATE_METHOD_MATCH = YES;
				CODE_SIGN_IDENTITY = "-";
				COPY_PHASE_STRIP = NO;
				DEBUG_INFORMATION_FORMAT = dwarf;
				ENABLE_STRICT_OBJC_MSGSEND = YES;
				ENABLE_TESTABILITY = YES;
				GCC_C_LANGUAGE_STANDARD = gnu99;
				GCC_DYNAMIC_NO_PIC = NO;
				GCC_NO_COMMON_BLOCKS = YES;
				GCC_OPTIMIZATION_LEVEL = 0;
				GCC_PREPROCESSOR_DEFINITIONS = (
					"DEBUG=1",
					"$(inherited)",
				);
				GCC_WARN_64_TO_32_BIT_CONVERSION = YES;
				GCC_WARN_ABOUT_RETURN_TYPE = YES_ERROR;
				GCC_WARN_UNDECLARED_SELECTOR = YES;
				GCC_WARN_UNINITIALIZED_AUTOS = YES_AGGRESSIVE;
				GCC_WARN_UNUSED_FUNCTION = YES;
				GCC_WARN_UNUSED_VARIABLE = YES;
				MACOSX_DEPLOYMENT_TARGET = 10.12;
				MTL_ENABLE_DEBUG_INFO = YES;
				ONLY_ACTIVE_ARCH = YES;
				SDKROOT = macosx;
			};
			name = Debug;
		};
		FC4B24C71DD8C2070087CE08 /* Release */ = {
			isa = XCBuildConfiguration;
			buildSettings = {
				ALWAYS_SEARCH_USER_PATHS = NO;
				CLANG_ANALYZER_NONNULL = YES;
				CLANG_CXX_LANGUAGE_STANDARD = "gnu++0x";
				CLANG_CXX_LIBRARY = "libc++";
				CLANG_ENABLE_MODULES = YES;
				CLANG_ENABLE_OBJC_ARC = YES;
				CLANG_WARN_BOOL_CONVERSION = YES;
				CLANG_WARN_CONSTANT_CONVERSION = YES;
				CLANG_WARN_DIRECT_OBJC_ISA_USAGE = YES_ERROR;
				CLANG_WARN_DOCUMENTATION_COMMENTS = YES;
				CLANG_WARN_EMPTY_BODY = YES;
				CLANG_WARN_ENUM_CONVERSION = YES;
				CLANG_WARN_INFINITE_RECURSION = YES;
				CLANG_WARN_INT_CONVERSION = YES;
				CLANG_WARN_OBJC_ROOT_CLASS = YES_ERROR;
				CLANG_WARN_SUSPICIOUS_MOVES = YES;
				CLANG_WARN_UNREACHABLE_CODE = YES;
				CLANG_WARN__DUPLICATE_METHOD_MATCH = YES;
				CODE_SIGN_IDENTITY = "-";
				COPY_PHASE_STRIP = NO;
				DEBUG_INFORMATION_FORMAT = "dwarf-with-dsym";
				ENABLE_NS_ASSERTIONS = NO;
				ENABLE_STRICT_OBJC_MSGSEND = YES;
				GCC_C_LANGUAGE_STANDARD = gnu99;
				GCC_NO_COMMON_BLOCKS = YES;
				GCC_WARN_64_TO_32_BIT_CONVERSION = YES;
				GCC_WARN_ABOUT_RETURN_TYPE = YES_ERROR;
				GCC_WARN_UNDECLARED_SELECTOR = YES;
				GCC_WARN_UNINITIALIZED_AUTOS = YES_AGGRESSIVE;
				GCC_WARN_UNUSED_FUNCTION = YES;
				GCC_WARN_UNUSED_VARIABLE = YES;
				MACOSX_DEPLOYMENT_TARGET = 10.12;
				MTL_ENABLE_DEBUG_INFO = NO;
				SDKROOT = macosx;
			};
			name = Release;
		};
		FC4B24C91DD8C2070087CE08 /* Debug */ = {
			isa = XCBuildConfiguration;
			buildSettings = {
				ASSETCATALOG_COMPILER_APPICON_NAME = AppIcon;
				COMBINE_HIDPI_IMAGES = YES;
				INFOPLIST_FILE = AppEjercicio10/Info.plist;
				LD_RUNPATH_SEARCH_PATHS = "$(inherited) @executable_path/../Frameworks";
				PRODUCT_BUNDLE_IDENTIFIER = com.app.AppEjercicio10;
				PRODUCT_NAME = "$(TARGET_NAME)";
			};
			name = Debug;
		};
		FC4B24CA1DD8C2070087CE08 /* Release */ = {
			isa = XCBuildConfiguration;
			buildSettings = {
				ASSETCATALOG_COMPILER_APPICON_NAME = AppIcon;
				COMBINE_HIDPI_IMAGES = YES;
				INFOPLIST_FILE = AppEjercicio10/Info.plist;
				LD_RUNPATH_SEARCH_PATHS = "$(inherited) @executable_path/../Frameworks";
				PRODUCT_BUNDLE_IDENTIFIER = com.app.AppEjercicio10;
				PRODUCT_NAME = "$(TARGET_NAME)";
			};
			name = Release;
		};
/* End XCBuildConfiguration section */

/* Begin XCConfigurationList section */
		FC4B24AF1DD8C2070087CE08 /* Build configuration list for PBXProject "AppEjercicio10" */ = {
			isa = XCConfigurationList;
			buildConfigurations = (
				FC4B24C61DD8C2070087CE08 /* Debug */,
				FC4B24C71DD8C2070087CE08 /* Release */,
			);
			defaultConfigurationIsVisible = 0;
			defaultConfigurationName = Release;
		};
		FC4B24C81DD8C2070087CE08 /* Build configuration list for PBXNativeTarget "AppEjercicio10" */ = {
			isa = XCConfigurationList;
			buildConfigurations = (
				FC4B24C91DD8C2070087CE08 /* Debug */,
				FC4B24CA1DD8C2070087CE08 /* Release */,
			);
			defaultConfigurationIsVisible = 0;
		};
/* End XCConfigurationList section */
	};
	rootObject = FC4B24AC1DD8C2070087CE08 /* Project object */;
}
