// !$*UTF8*$!
{
	archiveVersion = 1;
	classes = {
	};
	objectVersion = 46;
	objects = {

/* Begin PBXBuildFile section */
		FCAE06091D86626900668759 /* main.m in Sources */ = {isa = PBXBuildFile; fileRef = FCAE06081D86626900668759 /* main.m */; };
		FCAE060C1D86626900668759 /* AppDelegate.m in Sources */ = {isa = PBXBuildFile; fileRef = FCAE060B1D86626900668759 /* AppDelegate.m */; };
		FCAE060F1D86626900668759 /* ViewController.m in Sources */ = {isa = PBXBuildFile; fileRef = FCAE060E1D86626900668759 /* ViewController.m */; };
		FCAE06121D86626900668759 /* Main.storyboard in Resources */ = {isa = PBXBuildFile; fileRef = FCAE06101D86626900668759 /* Main.storyboard */; };
		FCAE06141D86626900668759 /* Assets.xcassets in Resources */ = {isa = PBXBuildFile; fileRef = FCAE06131D86626900668759 /* Assets.xcassets */; };
		FCAE06171D86626900668759 /* LaunchScreen.storyboard in Resources */ = {isa = PBXBuildFile; fileRef = FCAE06151D86626900668759 /* LaunchScreen.storyboard */; };
		FCAE06221D86635500668759 /* EjemploProtocolo.m in Sources */ = {isa = PBXBuildFile; fileRef = FCAE06211D86635500668759 /* EjemploProtocolo.m */; };
/* End PBXBuildFile section */

/* Begin PBXFileReference section */
		FCAE06041D86626900668759 /* Protocolo-Delegado.app */ = {isa = PBXFileReference; explicitFileType = wrapper.application; includeInIndex = 0; path = "Protocolo-Delegado.app"; sourceTree = BUILT_PRODUCTS_DIR; };
		FCAE06081D86626900668759 /* main.m */ = {isa = PBXFileReference; lastKnownFileType = sourcecode.c.objc; path = main.m; sourceTree = "<group>"; };
		FCAE060A1D86626900668759 /* AppDelegate.h */ = {isa = PBXFileReference; lastKnownFileType = sourcecode.c.h; path = AppDelegate.h; sourceTree = "<group>"; };
		FCAE060B1D86626900668759 /* AppDelegate.m */ = {isa = PBXFileReference; lastKnownFileType = sourcecode.c.objc; path = AppDelegate.m; sourceTree = "<group>"; };
		FCAE060D1D86626900668759 /* ViewController.h */ = {isa = PBXFileReference; lastKnownFileType = sourcecode.c.h; path = ViewController.h; sourceTree = "<group>"; };
		FCAE060E1D86626900668759 /* ViewController.m */ = {isa = PBXFileReference; lastKnownFileType = sourcecode.c.objc; path = ViewController.m; sourceTree = "<group>"; };
		FCAE06111D86626900668759 /* Base */ = {isa = PBXFileReference; lastKnownFileType = file.storyboard; name = Base; path = Base.lproj/Main.storyboard; sourceTree = "<group>"; };
		FCAE06131D86626900668759 /* Assets.xcassets */ = {isa = PBXFileReference; lastKnownFileType = folder.assetcatalog; path = Assets.xcassets; sourceTree = "<group>"; };
		FCAE06161D86626900668759 /* Base */ = {isa = PBXFileReference; lastKnownFileType = file.storyboard; name = Base; path = Base.lproj/LaunchScreen.storyboard; sourceTree = "<group>"; };
		FCAE06181D86626900668759 /* Info.plist */ = {isa = PBXFileReference; lastKnownFileType = text.plist.xml; path = Info.plist; sourceTree = "<group>"; };
		FCAE061F1D86631E00668759 /* EjemploProtocoloDelegate.h */ = {isa = PBXFileReference; lastKnownFileType = sourcecode.c.h; path = EjemploProtocoloDelegate.h; sourceTree = "<group>"; };
		FCAE06201D86635500668759 /* EjemploProtocolo.h */ = {isa = PBXFileReference; fileEncoding = 4; lastKnownFileType = sourcecode.c.h; path = EjemploProtocolo.h; sourceTree = "<group>"; };
		FCAE06211D86635500668759 /* EjemploProtocolo.m */ = {isa = PBXFileReference; fileEncoding = 4; lastKnownFileType = sourcecode.c.objc; path = EjemploProtocolo.m; sourceTree = "<group>"; };
/* End PBXFileReference section */

/* Begin PBXFrameworksBuildPhase section */
		FCAE06011D86626900668759 /* Frameworks */ = {
			isa = PBXFrameworksBuildPhase;
			buildActionMask = 2147483647;
			files = (
			);
			runOnlyForDeploymentPostprocessing = 0;
		};
/* End PBXFrameworksBuildPhase section */

/* Begin PBXGroup section */
		FCAE05FB1D86626900668759 = {
			isa = PBXGroup;
			children = (
				FCAE06061D86626900668759 /* Protocolo-Delegado */,
				FCAE06051D86626900668759 /* Products */,
			);
			sourceTree = "<group>";
		};
		FCAE06051D86626900668759 /* Products */ = {
			isa = PBXGroup;
			children = (
				FCAE06041D86626900668759 /* Protocolo-Delegado.app */,
			);
			name = Products;
			sourceTree = "<group>";
		};
		FCAE06061D86626900668759 /* Protocolo-Delegado */ = {
			isa = PBXGroup;
			children = (
				FCAE061E1D86630800668759 /* Protocolo-Delegado */,
				FCAE060A1D86626900668759 /* AppDelegate.h */,
				FCAE060B1D86626900668759 /* AppDelegate.m */,
				FCAE060D1D86626900668759 /* ViewController.h */,
				FCAE060E1D86626900668759 /* ViewController.m */,
				FCAE06101D86626900668759 /* Main.storyboard */,
				FCAE06131D86626900668759 /* Assets.xcassets */,
				FCAE06151D86626900668759 /* LaunchScreen.storyboard */,
				FCAE06181D86626900668759 /* Info.plist */,
				FCAE06071D86626900668759 /* Supporting Files */,
			);
			path = "Protocolo-Delegado";
			sourceTree = "<group>";
		};
		FCAE06071D86626900668759 /* Supporting Files */ = {
			isa = PBXGroup;
			children = (
				FCAE06081D86626900668759 /* main.m */,
			);
			name = "Supporting Files";
			sourceTree = "<group>";
		};
		FCAE061E1D86630800668759 /* Protocolo-Delegado */ = {
			isa = PBXGroup;
			children = (
				FCAE061F1D86631E00668759 /* EjemploProtocoloDelegate.h */,
				FCAE06201D86635500668759 /* EjemploProtocolo.h */,
				FCAE06211D86635500668759 /* EjemploProtocolo.m */,
			);
			name = "Protocolo-Delegado";
			sourceTree = "<group>";
		};
/* End PBXGroup section */

/* Begin PBXNativeTarget section */
		FCAE06031D86626900668759 /* Protocolo-Delegado */ = {
			isa = PBXNativeTarget;
			buildConfigurationList = FCAE061B1D86626900668759 /* Build configuration list for PBXNativeTarget "Protocolo-Delegado" */;
			buildPhases = (
				FCAE06001D86626900668759 /* Sources */,
				FCAE06011D86626900668759 /* Frameworks */,
				FCAE06021D86626900668759 /* Resources */,
			);
			buildRules = (
			);
			dependencies = (
			);
			name = "Protocolo-Delegado";
			productName = "Protocolo-Delegado";
			productReference = FCAE06041D86626900668759 /* Protocolo-Delegado.app */;
			productType = "com.apple.product-type.application";
		};
/* End PBXNativeTarget section */

/* Begin PBXProject section */
		FCAE05FC1D86626900668759 /* Project object */ = {
			isa = PBXProject;
			attributes = {
				LastUpgradeCheck = 0730;
				ORGANIZATIONNAME = "Felipe Hernandez";
				TargetAttributes = {
					FCAE06031D86626900668759 = {
						CreatedOnToolsVersion = 7.3.1;
					};
				};
			};
			buildConfigurationList = FCAE05FF1D86626900668759 /* Build configuration list for PBXProject "Protocolo-Delegado" */;
			compatibilityVersion = "Xcode 3.2";
			developmentRegion = English;
			hasScannedForEncodings = 0;
			knownRegions = (
				en,
				Base,
			);
			mainGroup = FCAE05FB1D86626900668759;
			productRefGroup = FCAE06051D86626900668759 /* Products */;
			projectDirPath = "";
			projectRoot = "";
			targets = (
				FCAE06031D86626900668759 /* Protocolo-Delegado */,
			);
		};
/* End PBXProject section */

/* Begin PBXResourcesBuildPhase section */
		FCAE06021D86626900668759 /* Resources */ = {
			isa = PBXResourcesBuildPhase;
			buildActionMask = 2147483647;
			files = (
				FCAE06171D86626900668759 /* LaunchScreen.storyboard in Resources */,
				FCAE06141D86626900668759 /* Assets.xcassets in Resources */,
				FCAE06121D86626900668759 /* Main.storyboard in Resources */,
			);
			runOnlyForDeploymentPostprocessing = 0;
		};
/* End PBXResourcesBuildPhase section */

/* Begin PBXSourcesBuildPhase section */
		FCAE06001D86626900668759 /* Sources */ = {
			isa = PBXSourcesBuildPhase;
			buildActionMask = 2147483647;
			files = (
				FCAE060F1D86626900668759 /* ViewController.m in Sources */,
				FCAE060C1D86626900668759 /* AppDelegate.m in Sources */,
				FCAE06221D86635500668759 /* EjemploProtocolo.m in Sources */,
				FCAE06091D86626900668759 /* main.m in Sources */,
			);
			runOnlyForDeploymentPostprocessing = 0;
		};
/* End PBXSourcesBuildPhase section */

/* Begin PBXVariantGroup section */
		FCAE06101D86626900668759 /* Main.storyboard */ = {
			isa = PBXVariantGroup;
			children = (
				FCAE06111D86626900668759 /* Base */,
			);
			name = Main.storyboard;
			sourceTree = "<group>";
		};
		FCAE06151D86626900668759 /* LaunchScreen.storyboard */ = {
			isa = PBXVariantGroup;
			children = (
				FCAE06161D86626900668759 /* Base */,
			);
			name = LaunchScreen.storyboard;
			sourceTree = "<group>";
		};
/* End PBXVariantGroup section */

/* Begin XCBuildConfiguration section */
		FCAE06191D86626900668759 /* Debug */ = {
			isa = XCBuildConfiguration;
			buildSettings = {
				ALWAYS_SEARCH_USER_PATHS = NO;
				CLANG_ANALYZER_NONNULL = YES;
				CLANG_CXX_LANGUAGE_STANDARD = "gnu++0x";
				CLANG_CXX_LIBRARY = "libc++";
				CLANG_ENABLE_MODULES = YES;
				CLANG_ENABLE_OBJC_ARC = YES;
				CLANG_WARN_BOOL_CONVERSION = YES;
				CLANG_WARN_CONSTANT_CONVERSION = YES;
				CLANG_WARN_DIRECT_OBJC_ISA_USAGE = YES_ERROR;
				CLANG_WARN_EMPTY_BODY = YES;
				CLANG_WARN_ENUM_CONVERSION = YES;
				CLANG_WARN_INT_CONVERSION = YES;
				CLANG_WARN_OBJC_ROOT_CLASS = YES_ERROR;
				CLANG_WARN_UNREACHABLE_CODE = YES;
				CLANG_WARN__DUPLICATE_METHOD_MATCH = YES;
				"CODE_SIGN_IDENTITY[sdk=iphoneos*]" = "iPhone Developer";
				COPY_PHASE_STRIP = NO;
				DEBUG_INFORMATION_FORMAT = dwarf;
				ENABLE_STRICT_OBJC_MSGSEND = YES;
				ENABLE_TESTABILITY = YES;
				GCC_C_LANGUAGE_STANDARD = gnu99;
				GCC_DYNAMIC_NO_PIC = NO;
				GCC_NO_COMMON_BLOCKS = YES;
				GCC_OPTIMIZATION_LEVEL = 0;
				GCC_PREPROCESSOR_DEFINITIONS = (
					"DEBUG=1",
					"$(inherited)",
				);
				GCC_WARN_64_TO_32_BIT_CONVERSION = YES;
				GCC_WARN_ABOUT_RETURN_TYPE = YES_ERROR;
				GCC_WARN_UNDECLARED_SELECTOR = YES;
				GCC_WARN_UNINITIALIZED_AUTOS = YES_AGGRESSIVE;
				GCC_WARN_UNUSED_FUNCTION = YES;
				GCC_WARN_UNUSED_VARIABLE = YES;
				IPHONEOS_DEPLOYMENT_TARGET = 9.3;
				MTL_ENABLE_DEBUG_INFO = YES;
				ONLY_ACTIVE_ARCH = YES;
				SDKROOT = iphoneos;
			};
			name = Debug;
		};
		FCAE061A1D86626900668759 /* Release */ = {
			isa = XCBuildConfiguration;
			buildSettings = {
				ALWAYS_SEARCH_USER_PATHS = NO;
				CLANG_ANALYZER_NONNULL = YES;
				CLANG_CXX_LANGUAGE_STANDARD = "gnu++0x";
				CLANG_CXX_LIBRARY = "libc++";
				CLANG_ENABLE_MODULES = YES;
				CLANG_ENABLE_OBJC_ARC = YES;
				CLANG_WARN_BOOL_CONVERSION = YES;
				CLANG_WARN_CONSTANT_CONVERSION = YES;
				CLANG_WARN_DIRECT_OBJC_ISA_USAGE = YES_ERROR;
				CLANG_WARN_EMPTY_BODY = YES;
				CLANG_WARN_ENUM_CONVERSION = YES;
				CLANG_WARN_INT_CONVERSION = YES;
				CLANG_WARN_OBJC_ROOT_CLASS = YES_ERROR;
				CLANG_WARN_UNREACHABLE_CODE = YES;
				CLANG_WARN__DUPLICATE_METHOD_MATCH = YES;
				"CODE_SIGN_IDENTITY[sdk=iphoneos*]" = "iPhone Developer";
				COPY_PHASE_STRIP = NO;
				DEBUG_INFORMATION_FORMAT = "dwarf-with-dsym";
				ENABLE_NS_ASSERTIONS = NO;
				ENABLE_STRICT_OBJC_MSGSEND = YES;
				GCC_C_LANGUAGE_STANDARD = gnu99;
				GCC_NO_COMMON_BLOCKS = YES;
				GCC_WARN_64_TO_32_BIT_CONVERSION = YES;
				GCC_WARN_ABOUT_RETURN_TYPE = YES_ERROR;
				GCC_WARN_UNDECLARED_SELECTOR = YES;
				GCC_WARN_UNINITIALIZED_AUTOS = YES_AGGRESSIVE;
				GCC_WARN_UNUSED_FUNCTION = YES;
				GCC_WARN_UNUSED_VARIABLE = YES;
				IPHONEOS_DEPLOYMENT_TARGET = 9.3;
				MTL_ENABLE_DEBUG_INFO = NO;
				SDKROOT = iphoneos;
				VALIDATE_PRODUCT = YES;
			};
			name = Release;
		};
		FCAE061C1D86626900668759 /* Debug */ = {
			isa = XCBuildConfiguration;
			buildSettings = {
				ASSETCATALOG_COMPILER_APPICON_NAME = AppIcon;
				INFOPLIST_FILE = "Protocolo-Delegado/Info.plist";
				LD_RUNPATH_SEARCH_PATHS = "$(inherited) @executable_path/Frameworks";
				PRODUCT_BUNDLE_IDENTIFIER = "com.ejercicio.Protocolo-Delegado";
				PRODUCT_NAME = "$(TARGET_NAME)";
			};
			name = Debug;
		};
		FCAE061D1D86626900668759 /* Release */ = {
			isa = XCBuildConfiguration;
			buildSettings = {
				ASSETCATALOG_COMPILER_APPICON_NAME = AppIcon;
				INFOPLIST_FILE = "Protocolo-Delegado/Info.plist";
				LD_RUNPATH_SEARCH_PATHS = "$(inherited) @executable_path/Frameworks";
				PRODUCT_BUNDLE_IDENTIFIER = "com.ejercicio.Protocolo-Delegado";
				PRODUCT_NAME = "$(TARGET_NAME)";
			};
			name = Release;
		};
/* End XCBuildConfiguration section */

/* Begin XCConfigurationList section */
		FCAE05FF1D86626900668759 /* Build configuration list for PBXProject "Protocolo-Delegado" */ = {
			isa = XCConfigurationList;
			buildConfigurations = (
				FCAE06191D86626900668759 /* Debug */,
				FCAE061A1D86626900668759 /* Release */,
			);
			defaultConfigurationIsVisible = 0;
			defaultConfigurationName = Release;
		};
		FCAE061B1D86626900668759 /* Build configuration list for PBXNativeTarget "Protocolo-Delegado" */ = {
			isa = XCConfigurationList;
			buildConfigurations = (
				FCAE061C1D86626900668759 /* Debug */,
				FCAE061D1D86626900668759 /* Release */,
			);
			defaultConfigurationIsVisible = 0;
		};
/* End XCConfigurationList section */
	};
	rootObject = FCAE05FC1D86626900668759 /* Project object */;
}
