// !$*UTF8*$!
{
	archiveVersion = 1;
	classes = {
	};
	objectVersion = 46;
	objects = {

/* Begin PBXBuildFile section */
		FCB9B7071DD9EE5C00BE14F7 /* AppDelegate.m in Sources */ = {isa = PBXBuildFile; fileRef = FCB9B7061DD9EE5C00BE14F7 /* AppDelegate.m */; };
		FCB9B70A1DD9EE5C00BE14F7 /* main.m in Sources */ = {isa = PBXBuildFile; fileRef = FCB9B7091DD9EE5C00BE14F7 /* main.m */; };
		FCB9B70D1DD9EE5C00BE14F7 /* ViewController.m in Sources */ = {isa = PBXBuildFile; fileRef = FCB9B70C1DD9EE5C00BE14F7 /* ViewController.m */; };
		FCB9B70F1DD9EE5C00BE14F7 /* Assets.xcassets in Resources */ = {isa = PBXBuildFile; fileRef = FCB9B70E1DD9EE5C00BE14F7 /* Assets.xcassets */; };
		FCB9B7121DD9EE5C00BE14F7 /* Main.storyboard in Resources */ = {isa = PBXBuildFile; fileRef = FCB9B7101DD9EE5C00BE14F7 /* Main.storyboard */; };
		FCB9B71B1DD9EFDD00BE14F7 /* PrincipalViewController.m in Sources */ = {isa = PBXBuildFile; fileRef = FCB9B71A1DD9EFDD00BE14F7 /* PrincipalViewController.m */; };
/* End PBXBuildFile section */

/* Begin PBXFileReference section */
		FCB9B7021DD9EE5C00BE14F7 /* AppEjercicio15.app */ = {isa = PBXFileReference; explicitFileType = wrapper.application; includeInIndex = 0; path = AppEjercicio15.app; sourceTree = BUILT_PRODUCTS_DIR; };
		FCB9B7051DD9EE5C00BE14F7 /* AppDelegate.h */ = {isa = PBXFileReference; lastKnownFileType = sourcecode.c.h; path = AppDelegate.h; sourceTree = "<group>"; };
		FCB9B7061DD9EE5C00BE14F7 /* AppDelegate.m */ = {isa = PBXFileReference; lastKnownFileType = sourcecode.c.objc; path = AppDelegate.m; sourceTree = "<group>"; };
		FCB9B7091DD9EE5C00BE14F7 /* main.m */ = {isa = PBXFileReference; lastKnownFileType = sourcecode.c.objc; path = main.m; sourceTree = "<group>"; };
		FCB9B70B1DD9EE5C00BE14F7 /* ViewController.h */ = {isa = PBXFileReference; lastKnownFileType = sourcecode.c.h; path = ViewController.h; sourceTree = "<group>"; };
		FCB9B70C1DD9EE5C00BE14F7 /* ViewController.m */ = {isa = PBXFileReference; lastKnownFileType = sourcecode.c.objc; path = ViewController.m; sourceTree = "<group>"; };
		FCB9B70E1DD9EE5C00BE14F7 /* Assets.xcassets */ = {isa = PBXFileReference; lastKnownFileType = folder.assetcatalog; path = Assets.xcassets; sourceTree = "<group>"; };
		FCB9B7111DD9EE5C00BE14F7 /* Base */ = {isa = PBXFileReference; lastKnownFileType = file.storyboard; name = Base; path = Base.lproj/Main.storyboard; sourceTree = "<group>"; };
		FCB9B7131DD9EE5C00BE14F7 /* Info.plist */ = {isa = PBXFileReference; lastKnownFileType = text.plist.xml; path = Info.plist; sourceTree = "<group>"; };
		FCB9B7191DD9EFDD00BE14F7 /* PrincipalViewController.h */ = {isa = PBXFileReference; fileEncoding = 4; lastKnownFileType = sourcecode.c.h; path = PrincipalViewController.h; sourceTree = "<group>"; };
		FCB9B71A1DD9EFDD00BE14F7 /* PrincipalViewController.m */ = {isa = PBXFileReference; fileEncoding = 4; lastKnownFileType = sourcecode.c.objc; path = PrincipalViewController.m; sourceTree = "<group>"; };
/* End PBXFileReference section */

/* Begin PBXFrameworksBuildPhase section */
		FCB9B6FF1DD9EE5C00BE14F7 /* Frameworks */ = {
			isa = PBXFrameworksBuildPhase;
			buildActionMask = 2147483647;
			files = (
			);
			runOnlyForDeploymentPostprocessing = 0;
		};
/* End PBXFrameworksBuildPhase section */

/* Begin PBXGroup section */
		FCB9B6F91DD9EE5C00BE14F7 = {
			isa = PBXGroup;
			children = (
				FCB9B7041DD9EE5C00BE14F7 /* AppEjercicio15 */,
				FCB9B7031DD9EE5C00BE14F7 /* Products */,
			);
			sourceTree = "<group>";
		};
		FCB9B7031DD9EE5C00BE14F7 /* Products */ = {
			isa = PBXGroup;
			children = (
				FCB9B7021DD9EE5C00BE14F7 /* AppEjercicio15.app */,
			);
			name = Products;
			sourceTree = "<group>";
		};
		FCB9B7041DD9EE5C00BE14F7 /* AppEjercicio15 */ = {
			isa = PBXGroup;
			children = (
				FCB9B7051DD9EE5C00BE14F7 /* AppDelegate.h */,
				FCB9B7061DD9EE5C00BE14F7 /* AppDelegate.m */,
				FCB9B70B1DD9EE5C00BE14F7 /* ViewController.h */,
				FCB9B70C1DD9EE5C00BE14F7 /* ViewController.m */,
				FCB9B7191DD9EFDD00BE14F7 /* PrincipalViewController.h */,
				FCB9B71A1DD9EFDD00BE14F7 /* PrincipalViewController.m */,
				FCB9B70E1DD9EE5C00BE14F7 /* Assets.xcassets */,
				FCB9B7101DD9EE5C00BE14F7 /* Main.storyboard */,
				FCB9B7131DD9EE5C00BE14F7 /* Info.plist */,
				FCB9B7081DD9EE5C00BE14F7 /* Supporting Files */,
			);
			path = AppEjercicio15;
			sourceTree = "<group>";
		};
		FCB9B7081DD9EE5C00BE14F7 /* Supporting Files */ = {
			isa = PBXGroup;
			children = (
				FCB9B7091DD9EE5C00BE14F7 /* main.m */,
			);
			name = "Supporting Files";
			sourceTree = "<group>";
		};
/* End PBXGroup section */

/* Begin PBXNativeTarget section */
		FCB9B7011DD9EE5C00BE14F7 /* AppEjercicio15 */ = {
			isa = PBXNativeTarget;
			buildConfigurationList = FCB9B7161DD9EE5C00BE14F7 /* Build configuration list for PBXNativeTarget "AppEjercicio15" */;
			buildPhases = (
				FCB9B6FE1DD9EE5C00BE14F7 /* Sources */,
				FCB9B6FF1DD9EE5C00BE14F7 /* Frameworks */,
				FCB9B7001DD9EE5C00BE14F7 /* Resources */,
			);
			buildRules = (
			);
			dependencies = (
			);
			name = AppEjercicio15;
			productName = AppEjercicio15;
			productReference = FCB9B7021DD9EE5C00BE14F7 /* AppEjercicio15.app */;
			productType = "com.apple.product-type.application";
		};
/* End PBXNativeTarget section */

/* Begin PBXProject section */
		FCB9B6FA1DD9EE5C00BE14F7 /* Project object */ = {
			isa = PBXProject;
			attributes = {
				LastUpgradeCheck = 0800;
				ORGANIZATIONNAME = "Felipe Hernandez";
				TargetAttributes = {
					FCB9B7011DD9EE5C00BE14F7 = {
						CreatedOnToolsVersion = 8.0;
						ProvisioningStyle = Automatic;
					};
				};
			};
			buildConfigurationList = FCB9B6FD1DD9EE5C00BE14F7 /* Build configuration list for PBXProject "AppEjercicio15" */;
			compatibilityVersion = "Xcode 3.2";
			developmentRegion = English;
			hasScannedForEncodings = 0;
			knownRegions = (
				en,
				Base,
			);
			mainGroup = FCB9B6F91DD9EE5C00BE14F7;
			productRefGroup = FCB9B7031DD9EE5C00BE14F7 /* Products */;
			projectDirPath = "";
			projectRoot = "";
			targets = (
				FCB9B7011DD9EE5C00BE14F7 /* AppEjercicio15 */,
			);
		};
/* End PBXProject section */

/* Begin PBXResourcesBuildPhase section */
		FCB9B7001DD9EE5C00BE14F7 /* Resources */ = {
			isa = PBXResourcesBuildPhase;
			buildActionMask = 2147483647;
			files = (
				FCB9B70F1DD9EE5C00BE14F7 /* Assets.xcassets in Resources */,
				FCB9B7121DD9EE5C00BE14F7 /* Main.storyboard in Resources */,
			);
			runOnlyForDeploymentPostprocessing = 0;
		};
/* End PBXResourcesBuildPhase section */

/* Begin PBXSourcesBuildPhase section */
		FCB9B6FE1DD9EE5C00BE14F7 /* Sources */ = {
			isa = PBXSourcesBuildPhase;
			buildActionMask = 2147483647;
			files = (
				FCB9B70D1DD9EE5C00BE14F7 /* ViewController.m in Sources */,
				FCB9B71B1DD9EFDD00BE14F7 /* PrincipalViewController.m in Sources */,
				FCB9B70A1DD9EE5C00BE14F7 /* main.m in Sources */,
				FCB9B7071DD9EE5C00BE14F7 /* AppDelegate.m in Sources */,
			);
			runOnlyForDeploymentPostprocessing = 0;
		};
/* End PBXSourcesBuildPhase section */

/* Begin PBXVariantGroup section */
		FCB9B7101DD9EE5C00BE14F7 /* Main.storyboard */ = {
			isa = PBXVariantGroup;
			children = (
				FCB9B7111DD9EE5C00BE14F7 /* Base */,
			);
			name = Main.storyboard;
			sourceTree = "<group>";
		};
/* End PBXVariantGroup section */

/* Begin XCBuildConfiguration section */
		FCB9B7141DD9EE5C00BE14F7 /* Debug */ = {
			isa = XCBuildConfiguration;
			buildSettings = {
				ALWAYS_SEARCH_USER_PATHS = NO;
				CLANG_ANALYZER_NONNULL = YES;
				CLANG_CXX_LANGUAGE_STANDARD = "gnu++0x";
				CLANG_CXX_LIBRARY = "libc++";
				CLANG_ENABLE_MODULES = YES;
				CLANG_ENABLE_OBJC_ARC = YES;
				CLANG_WARN_BOOL_CONVERSION = YES;
				CLANG_WARN_CONSTANT_CONVERSION = YES;
				CLANG_WARN_DIRECT_OBJC_ISA_USAGE = YES_ERROR;
				CLANG_WARN_DOCUMENTATION_COMMENTS = YES;
				CLANG_WARN_EMPTY_BODY = YES;
				CLANG_WARN_ENUM_CONVERSION = YES;
				CLANG_WARN_INFINITE_RECURSION = YES;
				CLANG_WARN_INT_CONVERSION = YES;
				CLANG_WARN_OBJC_ROOT_CLASS = YES_ERROR;
				CLANG_WARN_SUSPICIOUS_MOVES = YES;
				CLANG_WARN_UNREACHABLE_CODE = YES;
				CLANG_WARN__DUPLICATE_METHOD_MATCH = YES;
				CODE_SIGN_IDENTITY = "-";
				COPY_PHASE_STRIP = NO;
				DEBUG_INFORMATION_FORMAT = dwarf;
				ENABLE_STRICT_OBJC_MSGSEND = YES;
				ENABLE_TESTABILITY = YES;
				GCC_C_LANGUAGE_STANDARD = gnu99;
				GCC_DYNAMIC_NO_PIC = NO;
				GCC_NO_COMMON_BLOCKS = YES;
				GCC_OPTIMIZATION_LEVEL = 0;
				GCC_PREPROCESSOR_DEFINITIONS = (
					"DEBUG=1",
					"$(inherited)",
				);
				GCC_WARN_64_TO_32_BIT_CONVERSION = YES;
				GCC_WARN_ABOUT_RETURN_TYPE = YES_ERROR;
				GCC_WARN_UNDECLARED_SELECTOR = YES;
				GCC_WARN_UNINITIALIZED_AUTOS = YES_AGGRESSIVE;
				GCC_WARN_UNUSED_FUNCTION = YES;
				GCC_WARN_UNUSED_VARIABLE = YES;
				MACOSX_DEPLOYMENT_TARGET = 10.12;
				MTL_ENABLE_DEBUG_INFO = YES;
				ONLY_ACTIVE_ARCH = YES;
				SDKROOT = macosx;
			};
			name = Debug;
		};
		FCB9B7151DD9EE5C00BE14F7 /* Release */ = {
			isa = XCBuildConfiguration;
			buildSettings = {
				ALWAYS_SEARCH_USER_PATHS = NO;
				CLANG_ANALYZER_NONNULL = YES;
				CLANG_CXX_LANGUAGE_STANDARD = "gnu++0x";
				CLANG_CXX_LIBRARY = "libc++";
				CLANG_ENABLE_MODULES = YES;
				CLANG_ENABLE_OBJC_ARC = YES;
				CLANG_WARN_BOOL_CONVERSION = YES;
				CLANG_WARN_CONSTANT_CONVERSION = YES;
				CLANG_WARN_DIRECT_OBJC_ISA_USAGE = YES_ERROR;
				CLANG_WARN_DOCUMENTATION_COMMENTS = YES;
				CLANG_WARN_EMPTY_BODY = YES;
				CLANG_WARN_ENUM_CONVERSION = YES;
				CLANG_WARN_INFINITE_RECURSION = YES;
				CLANG_WARN_INT_CONVERSION = YES;
				CLANG_WARN_OBJC_ROOT_CLASS = YES_ERROR;
				CLANG_WARN_SUSPICIOUS_MOVES = YES;
				CLANG_WARN_UNREACHABLE_CODE = YES;
				CLANG_WARN__DUPLICATE_METHOD_MATCH = YES;
				CODE_SIGN_IDENTITY = "-";
				COPY_PHASE_STRIP = NO;
				DEBUG_INFORMATION_FORMAT = "dwarf-with-dsym";
				ENABLE_NS_ASSERTIONS = NO;
				ENABLE_STRICT_OBJC_MSGSEND = YES;
				GCC_C_LANGUAGE_STANDARD = gnu99;
				GCC_NO_COMMON_BLOCKS = YES;
				GCC_WARN_64_TO_32_BIT_CONVERSION = YES;
				GCC_WARN_ABOUT_RETURN_TYPE = YES_ERROR;
				GCC_WARN_UNDECLARED_SELECTOR = YES;
				GCC_WARN_UNINITIALIZED_AUTOS = YES_AGGRESSIVE;
				GCC_WARN_UNUSED_FUNCTION = YES;
				GCC_WARN_UNUSED_VARIABLE = YES;
				MACOSX_DEPLOYMENT_TARGET = 10.12;
				MTL_ENABLE_DEBUG_INFO = NO;
				SDKROOT = macosx;
			};
			name = Release;
		};
		FCB9B7171DD9EE5C00BE14F7 /* Debug */ = {
			isa = XCBuildConfiguration;
			buildSettings = {
				ASSETCATALOG_COMPILER_APPICON_NAME = AppIcon;
				COMBINE_HIDPI_IMAGES = YES;
				INFOPLIST_FILE = AppEjercicio15/Info.plist;
				LD_RUNPATH_SEARCH_PATHS = "$(inherited) @executable_path/../Frameworks";
				PRODUCT_BUNDLE_IDENTIFIER = com.app.AppEjercicio15;
				PRODUCT_NAME = "$(TARGET_NAME)";
			};
			name = Debug;
		};
		FCB9B7181DD9EE5C00BE14F7 /* Release */ = {
			isa = XCBuildConfiguration;
			buildSettings = {
				ASSETCATALOG_COMPILER_APPICON_NAME = AppIcon;
				COMBINE_HIDPI_IMAGES = YES;
				INFOPLIST_FILE = AppEjercicio15/Info.plist;
				LD_RUNPATH_SEARCH_PATHS = "$(inherited) @executable_path/../Frameworks";
				PRODUCT_BUNDLE_IDENTIFIER = com.app.AppEjercicio15;
				PRODUCT_NAME = "$(TARGET_NAME)";
			};
			name = Release;
		};
/* End XCBuildConfiguration section */

/* Begin XCConfigurationList section */
		FCB9B6FD1DD9EE5C00BE14F7 /* Build configuration list for PBXProject "AppEjercicio15" */ = {
			isa = XCConfigurationList;
			buildConfigurations = (
				FCB9B7141DD9EE5C00BE14F7 /* Debug */,
				FCB9B7151DD9EE5C00BE14F7 /* Release */,
			);
			defaultConfigurationIsVisible = 0;
			defaultConfigurationName = Release;
		};
		FCB9B7161DD9EE5C00BE14F7 /* Build configuration list for PBXNativeTarget "AppEjercicio15" */ = {
			isa = XCConfigurationList;
			buildConfigurations = (
				FCB9B7171DD9EE5C00BE14F7 /* Debug */,
				FCB9B7181DD9EE5C00BE14F7 /* Release */,
			);
			defaultConfigurationIsVisible = 0;
		};
/* End XCConfigurationList section */
	};
	rootObject = FCB9B6FA1DD9EE5C00BE14F7 /* Project object */;
}
