// !$*UTF8*$!
{
	archiveVersion = 1;
	classes = {
	};
	objectVersion = 46;
	objects = {

/* Begin PBXBuildFile section */
		FCC8F5191EA3BC780025A517 /* AppDelegate.m in Sources */ = {isa = PBXBuildFile; fileRef = FCC8F5181EA3BC780025A517 /* AppDelegate.m */; };
		FCC8F51C1EA3BC780025A517 /* main.m in Sources */ = {isa = PBXBuildFile; fileRef = FCC8F51B1EA3BC780025A517 /* main.m */; };
		FCC8F51F1EA3BC780025A517 /* ViewController.m in Sources */ = {isa = PBXBuildFile; fileRef = FCC8F51E1EA3BC780025A517 /* ViewController.m */; };
		FCC8F5221EA3BC780025A517 /* CoreDataExample.xcdatamodeld in Sources */ = {isa = PBXBuildFile; fileRef = FCC8F5201EA3BC780025A517 /* CoreDataExample.xcdatamodeld */; };
		FCC8F5241EA3BC780025A517 /* Assets.xcassets in Resources */ = {isa = PBXBuildFile; fileRef = FCC8F5231EA3BC780025A517 /* Assets.xcassets */; };
		FCC8F5271EA3BC790025A517 /* Main.storyboard in Resources */ = {isa = PBXBuildFile; fileRef = FCC8F5251EA3BC790025A517 /* Main.storyboard */; };
/* End PBXBuildFile section */

/* Begin PBXFileReference section */
		FCAB8AF61EA494120020DBD4 /* Persona+CoreDataClass.h */ = {isa = PBXFileReference; fileEncoding = 4; lastKnownFileType = sourcecode.c.h; path = "Persona+CoreDataClass.h"; sourceTree = "<group>"; };
		FCAB8AF71EA494120020DBD4 /* Persona+CoreDataClass.m */ = {isa = PBXFileReference; fileEncoding = 4; lastKnownFileType = sourcecode.c.objc; path = "Persona+CoreDataClass.m"; sourceTree = "<group>"; };
		FCAB8AF81EA494120020DBD4 /* Persona+CoreDataProperties.h */ = {isa = PBXFileReference; fileEncoding = 4; lastKnownFileType = sourcecode.c.h; path = "Persona+CoreDataProperties.h"; sourceTree = "<group>"; };
		FCAB8AF91EA494120020DBD4 /* Persona+CoreDataProperties.m */ = {isa = PBXFileReference; fileEncoding = 4; lastKnownFileType = sourcecode.c.objc; path = "Persona+CoreDataProperties.m"; sourceTree = "<group>"; };
		FCC8F5141EA3BC780025A517 /* CoreDataExample.app */ = {isa = PBXFileReference; explicitFileType = wrapper.application; includeInIndex = 0; path = CoreDataExample.app; sourceTree = BUILT_PRODUCTS_DIR; };
		FCC8F5171EA3BC780025A517 /* AppDelegate.h */ = {isa = PBXFileReference; lastKnownFileType = sourcecode.c.h; path = AppDelegate.h; sourceTree = "<group>"; };
		FCC8F5181EA3BC780025A517 /* AppDelegate.m */ = {isa = PBXFileReference; lastKnownFileType = sourcecode.c.objc; path = AppDelegate.m; sourceTree = "<group>"; };
		FCC8F51B1EA3BC780025A517 /* main.m */ = {isa = PBXFileReference; lastKnownFileType = sourcecode.c.objc; path = main.m; sourceTree = "<group>"; };
		FCC8F51D1EA3BC780025A517 /* ViewController.h */ = {isa = PBXFileReference; lastKnownFileType = sourcecode.c.h; path = ViewController.h; sourceTree = "<group>"; };
		FCC8F51E1EA3BC780025A517 /* ViewController.m */ = {isa = PBXFileReference; lastKnownFileType = sourcecode.c.objc; path = ViewController.m; sourceTree = "<group>"; };
		FCC8F5211EA3BC780025A517 /* CoreDataExample.xcdatamodel */ = {isa = PBXFileReference; lastKnownFileType = wrapper.xcdatamodel; path = CoreDataExample.xcdatamodel; sourceTree = "<group>"; };
		FCC8F5231EA3BC780025A517 /* Assets.xcassets */ = {isa = PBXFileReference; lastKnownFileType = folder.assetcatalog; path = Assets.xcassets; sourceTree = "<group>"; };
		FCC8F5261EA3BC790025A517 /* Base */ = {isa = PBXFileReference; lastKnownFileType = file.storyboard; name = Base; path = Base.lproj/Main.storyboard; sourceTree = "<group>"; };
		FCC8F5281EA3BC790025A517 /* Info.plist */ = {isa = PBXFileReference; lastKnownFileType = text.plist.xml; path = Info.plist; sourceTree = "<group>"; };
/* End PBXFileReference section */

/* Begin PBXFrameworksBuildPhase section */
		FCC8F5111EA3BC780025A517 /* Frameworks */ = {
			isa = PBXFrameworksBuildPhase;
			buildActionMask = 2147483647;
			files = (
			);
			runOnlyForDeploymentPostprocessing = 0;
		};
/* End PBXFrameworksBuildPhase section */

/* Begin PBXGroup section */
		FCAB8AFC1EA53DFE0020DBD4 /* Modelo */ = {
			isa = PBXGroup;
			children = (
				FCAB8AF61EA494120020DBD4 /* Persona+CoreDataClass.h */,
				FCAB8AF71EA494120020DBD4 /* Persona+CoreDataClass.m */,
				FCAB8AF81EA494120020DBD4 /* Persona+CoreDataProperties.h */,
				FCAB8AF91EA494120020DBD4 /* Persona+CoreDataProperties.m */,
			);
			name = Modelo;
			sourceTree = "<group>";
		};
		FCC8F50B1EA3BC780025A517 = {
			isa = PBXGroup;
			children = (
				FCAB8AFC1EA53DFE0020DBD4 /* Modelo */,
				FCC8F5161EA3BC780025A517 /* CoreDataExample */,
				FCC8F5151EA3BC780025A517 /* Products */,
			);
			sourceTree = "<group>";
		};
		FCC8F5151EA3BC780025A517 /* Products */ = {
			isa = PBXGroup;
			children = (
				FCC8F5141EA3BC780025A517 /* CoreDataExample.app */,
			);
			name = Products;
			sourceTree = "<group>";
		};
		FCC8F5161EA3BC780025A517 /* CoreDataExample */ = {
			isa = PBXGroup;
			children = (
				FCC8F5171EA3BC780025A517 /* AppDelegate.h */,
				FCC8F5181EA3BC780025A517 /* AppDelegate.m */,
				FCC8F51D1EA3BC780025A517 /* ViewController.h */,
				FCC8F51E1EA3BC780025A517 /* ViewController.m */,
				FCC8F5231EA3BC780025A517 /* Assets.xcassets */,
				FCC8F5251EA3BC790025A517 /* Main.storyboard */,
				FCC8F5281EA3BC790025A517 /* Info.plist */,
				FCC8F5201EA3BC780025A517 /* CoreDataExample.xcdatamodeld */,
				FCC8F51A1EA3BC780025A517 /* Supporting Files */,
			);
			path = CoreDataExample;
			sourceTree = "<group>";
		};
		FCC8F51A1EA3BC780025A517 /* Supporting Files */ = {
			isa = PBXGroup;
			children = (
				FCC8F51B1EA3BC780025A517 /* main.m */,
			);
			name = "Supporting Files";
			sourceTree = "<group>";
		};
/* End PBXGroup section */

/* Begin PBXNativeTarget section */
		FCC8F5131EA3BC780025A517 /* CoreDataExample */ = {
			isa = PBXNativeTarget;
			buildConfigurationList = FCC8F52B1EA3BC790025A517 /* Build configuration list for PBXNativeTarget "CoreDataExample" */;
			buildPhases = (
				FCC8F5101EA3BC780025A517 /* Sources */,
				FCC8F5111EA3BC780025A517 /* Frameworks */,
				FCC8F5121EA3BC780025A517 /* Resources */,
			);
			buildRules = (
			);
			dependencies = (
			);
			name = CoreDataExample;
			productName = CoreDataExample;
			productReference = FCC8F5141EA3BC780025A517 /* CoreDataExample.app */;
			productType = "com.apple.product-type.application";
		};
/* End PBXNativeTarget section */

/* Begin PBXProject section */
		FCC8F50C1EA3BC780025A517 /* Project object */ = {
			isa = PBXProject;
			attributes = {
				LastUpgradeCheck = 0830;
				ORGANIZATIONNAME = "Felipe Hernandez";
				TargetAttributes = {
					FCC8F5131EA3BC780025A517 = {
						CreatedOnToolsVersion = 8.3.1;
						ProvisioningStyle = Automatic;
					};
				};
			};
			buildConfigurationList = FCC8F50F1EA3BC780025A517 /* Build configuration list for PBXProject "CoreDataExample" */;
			compatibilityVersion = "Xcode 3.2";
			developmentRegion = English;
			hasScannedForEncodings = 0;
			knownRegions = (
				en,
				Base,
			);
			mainGroup = FCC8F50B1EA3BC780025A517;
			productRefGroup = FCC8F5151EA3BC780025A517 /* Products */;
			projectDirPath = "";
			projectRoot = "";
			targets = (
				FCC8F5131EA3BC780025A517 /* CoreDataExample */,
			);
		};
/* End PBXProject section */

/* Begin PBXResourcesBuildPhase section */
		FCC8F5121EA3BC780025A517 /* Resources */ = {
			isa = PBXResourcesBuildPhase;
			buildActionMask = 2147483647;
			files = (
				FCC8F5241EA3BC780025A517 /* Assets.xcassets in Resources */,
				FCC8F5271EA3BC790025A517 /* Main.storyboard in Resources */,
			);
			runOnlyForDeploymentPostprocessing = 0;
		};
/* End PBXResourcesBuildPhase section */

/* Begin PBXSourcesBuildPhase section */
		FCC8F5101EA3BC780025A517 /* Sources */ = {
			isa = PBXSourcesBuildPhase;
			buildActionMask = 2147483647;
			files = (
				FCC8F51F1EA3BC780025A517 /* ViewController.m in Sources */,
				FCC8F51C1EA3BC780025A517 /* main.m in Sources */,
				FCC8F5191EA3BC780025A517 /* AppDelegate.m in Sources */,
				FCC8F5221EA3BC780025A517 /* CoreDataExample.xcdatamodeld in Sources */,
			);
			runOnlyForDeploymentPostprocessing = 0;
		};
/* End PBXSourcesBuildPhase section */

/* Begin PBXVariantGroup section */
		FCC8F5251EA3BC790025A517 /* Main.storyboard */ = {
			isa = PBXVariantGroup;
			children = (
				FCC8F5261EA3BC790025A517 /* Base */,
			);
			name = Main.storyboard;
			sourceTree = "<group>";
		};
/* End PBXVariantGroup section */

/* Begin XCBuildConfiguration section */
		FCC8F5291EA3BC790025A517 /* Debug */ = {
			isa = XCBuildConfiguration;
			buildSettings = {
				ALWAYS_SEARCH_USER_PATHS = NO;
				CLANG_ANALYZER_NONNULL = YES;
				CLANG_ANALYZER_NUMBER_OBJECT_CONVERSION = YES_AGGRESSIVE;
				CLANG_CXX_LANGUAGE_STANDARD = "gnu++0x";
				CLANG_CXX_LIBRARY = "libc++";
				CLANG_ENABLE_MODULES = YES;
				CLANG_ENABLE_OBJC_ARC = YES;
				CLANG_WARN_BOOL_CONVERSION = YES;
				CLANG_WARN_CONSTANT_CONVERSION = YES;
				CLANG_WARN_DIRECT_OBJC_ISA_USAGE = YES_ERROR;
				CLANG_WARN_DOCUMENTATION_COMMENTS = YES;
				CLANG_WARN_EMPTY_BODY = YES;
				CLANG_WARN_ENUM_CONVERSION = YES;
				CLANG_WARN_INFINITE_RECURSION = YES;
				CLANG_WARN_INT_CONVERSION = YES;
				CLANG_WARN_OBJC_ROOT_CLASS = YES_ERROR;
				CLANG_WARN_SUSPICIOUS_MOVE = YES;
				CLANG_WARN_UNREACHABLE_CODE = YES;
				CLANG_WARN__DUPLICATE_METHOD_MATCH = YES;
				CODE_SIGN_IDENTITY = "-";
				COPY_PHASE_STRIP = NO;
				DEBUG_INFORMATION_FORMAT = dwarf;
				ENABLE_STRICT_OBJC_MSGSEND = YES;
				ENABLE_TESTABILITY = YES;
				GCC_C_LANGUAGE_STANDARD = gnu99;
				GCC_DYNAMIC_NO_PIC = NO;
				GCC_NO_COMMON_BLOCKS = YES;
				GCC_OPTIMIZATION_LEVEL = 0;
				GCC_PREPROCESSOR_DEFINITIONS = (
					"DEBUG=1",
					"$(inherited)",
				);
				GCC_WARN_64_TO_32_BIT_CONVERSION = YES;
				GCC_WARN_ABOUT_RETURN_TYPE = YES_ERROR;
				GCC_WARN_UNDECLARED_SELECTOR = YES;
				GCC_WARN_UNINITIALIZED_AUTOS = YES_AGGRESSIVE;
				GCC_WARN_UNUSED_FUNCTION = YES;
				GCC_WARN_UNUSED_VARIABLE = YES;
				MACOSX_DEPLOYMENT_TARGET = 10.12;
				MTL_ENABLE_DEBUG_INFO = YES;
				ONLY_ACTIVE_ARCH = YES;
				SDKROOT = macosx;
			};
			name = Debug;
		};
		FCC8F52A1EA3BC790025A517 /* Release */ = {
			isa = XCBuildConfiguration;
			buildSettings = {
				ALWAYS_SEARCH_USER_PATHS = NO;
				CLANG_ANALYZER_NONNULL = YES;
				CLANG_ANALYZER_NUMBER_OBJECT_CONVERSION = YES_AGGRESSIVE;
				CLANG_CXX_LANGUAGE_STANDARD = "gnu++0x";
				CLANG_CXX_LIBRARY = "libc++";
				CLANG_ENABLE_MODULES = YES;
				CLANG_ENABLE_OBJC_ARC = YES;
				CLANG_WARN_BOOL_CONVERSION = YES;
				CLANG_WARN_CONSTANT_CONVERSION = YES;
				CLANG_WARN_DIRECT_OBJC_ISA_USAGE = YES_ERROR;
				CLANG_WARN_DOCUMENTATION_COMMENTS = YES;
				CLANG_WARN_EMPTY_BODY = YES;
				CLANG_WARN_ENUM_CONVERSION = YES;
				CLANG_WARN_INFINITE_RECURSION = YES;
				CLANG_WARN_INT_CONVERSION = YES;
				CLANG_WARN_OBJC_ROOT_CLASS = YES_ERROR;
				CLANG_WARN_SUSPICIOUS_MOVE = YES;
				CLANG_WARN_UNREACHABLE_CODE = YES;
				CLANG_WARN__DUPLICATE_METHOD_MATCH = YES;
				CODE_SIGN_IDENTITY = "-";
				COPY_PHASE_STRIP = NO;
				DEBUG_INFORMATION_FORMAT = "dwarf-with-dsym";
				ENABLE_NS_ASSERTIONS = NO;
				ENABLE_STRICT_OBJC_MSGSEND = YES;
				GCC_C_LANGUAGE_STANDARD = gnu99;
				GCC_NO_COMMON_BLOCKS = YES;
				GCC_WARN_64_TO_32_BIT_CONVERSION = YES;
				GCC_WARN_ABOUT_RETURN_TYPE = YES_ERROR;
				GCC_WARN_UNDECLARED_SELECTOR = YES;
				GCC_WARN_UNINITIALIZED_AUTOS = YES_AGGRESSIVE;
				GCC_WARN_UNUSED_FUNCTION = YES;
				GCC_WARN_UNUSED_VARIABLE = YES;
				MACOSX_DEPLOYMENT_TARGET = 10.12;
				MTL_ENABLE_DEBUG_INFO = NO;
				SDKROOT = macosx;
			};
			name = Release;
		};
		FCC8F52C1EA3BC790025A517 /* Debug */ = {
			isa = XCBuildConfiguration;
			buildSettings = {
				ASSETCATALOG_COMPILER_APPICON_NAME = AppIcon;
				COMBINE_HIDPI_IMAGES = YES;
				INFOPLIST_FILE = CoreDataExample/Info.plist;
				LD_RUNPATH_SEARCH_PATHS = "$(inherited) @executable_path/../Frameworks";
				PRODUCT_BUNDLE_IDENTIFIER = com.felipe.CoreDataExample;
				PRODUCT_NAME = "$(TARGET_NAME)";
			};
			name = Debug;
		};
		FCC8F52D1EA3BC790025A517 /* Release */ = {
			isa = XCBuildConfiguration;
			buildSettings = {
				ASSETCATALOG_COMPILER_APPICON_NAME = AppIcon;
				COMBINE_HIDPI_IMAGES = YES;
				INFOPLIST_FILE = CoreDataExample/Info.plist;
				LD_RUNPATH_SEARCH_PATHS = "$(inherited) @executable_path/../Frameworks";
				PRODUCT_BUNDLE_IDENTIFIER = com.felipe.CoreDataExample;
				PRODUCT_NAME = "$(TARGET_NAME)";
			};
			name = Release;
		};
/* End XCBuildConfiguration section */

/* Begin XCConfigurationList section */
		FCC8F50F1EA3BC780025A517 /* Build configuration list for PBXProject "CoreDataExample" */ = {
			isa = XCConfigurationList;
			buildConfigurations = (
				FCC8F5291EA3BC790025A517 /* Debug */,
				FCC8F52A1EA3BC790025A517 /* Release */,
			);
			defaultConfigurationIsVisible = 0;
			defaultConfigurationName = Release;
		};
		FCC8F52B1EA3BC790025A517 /* Build configuration list for PBXNativeTarget "CoreDataExample" */ = {
			isa = XCConfigurationList;
			buildConfigurations = (
				FCC8F52C1EA3BC790025A517 /* Debug */,
				FCC8F52D1EA3BC790025A517 /* Release */,
			);
			defaultConfigurationIsVisible = 0;
			defaultConfigurationName = Release;
		};
/* End XCConfigurationList section */

/* Begin XCVersionGroup section */
		FCC8F5201EA3BC780025A517 /* CoreDataExample.xcdatamodeld */ = {
			isa = XCVersionGroup;
			children = (
				FCC8F5211EA3BC780025A517 /* CoreDataExample.xcdatamodel */,
			);
			currentVersion = FCC8F5211EA3BC780025A517 /* CoreDataExample.xcdatamodel */;
			path = CoreDataExample.xcdatamodeld;
			sourceTree = "<group>";
			versionGroupType = wrapper.xcdatamodel;
		};
/* End XCVersionGroup section */
	};
	rootObject = FCC8F50C1EA3BC780025A517 /* Project object */;
}
