// !$*UTF8*$!
{
	archiveVersion = 1;
	classes = {
	};
	objectVersion = 46;
	objects = {

/* Begin PBXBuildFile section */
		FC1D7D901E8B208300F0EB5D /* Persona.m in Sources */ = {isa = PBXBuildFile; fileRef = FC1D7D8F1E8B208300F0EB5D /* Persona.m */; };
		FC9E89721E1CA4FA0022F30F /* AppDelegate.m in Sources */ = {isa = PBXBuildFile; fileRef = FC9E89711E1CA4FA0022F30F /* AppDelegate.m */; };
		FC9E89751E1CA4FA0022F30F /* main.m in Sources */ = {isa = PBXBuildFile; fileRef = FC9E89741E1CA4FA0022F30F /* main.m */; };
		FC9E89781E1CA4FA0022F30F /* ViewController.m in Sources */ = {isa = PBXBuildFile; fileRef = FC9E89771E1CA4FA0022F30F /* ViewController.m */; };
		FC9E897A1E1CA4FA0022F30F /* Assets.xcassets in Resources */ = {isa = PBXBuildFile; fileRef = FC9E89791E1CA4FA0022F30F /* Assets.xcassets */; };
		FC9E897D1E1CA4FA0022F30F /* Main.storyboard in Resources */ = {isa = PBXBuildFile; fileRef = FC9E897B1E1CA4FA0022F30F /* Main.storyboard */; };
		FC9E89881E1CA6A70022F30F /* AlmacenamientoLocal.m in Sources */ = {isa = PBXBuildFile; fileRef = FC9E89871E1CA6A70022F30F /* AlmacenamientoLocal.m */; };
		FC9E898B1E1CA6CA0022F30F /* AlmacenSQLite.m in Sources */ = {isa = PBXBuildFile; fileRef = FC9E898A1E1CA6CA0022F30F /* AlmacenSQLite.m */; };
		FC9E898E1E1CB6820022F30F /* libsqlite3.tbd in Frameworks */ = {isa = PBXBuildFile; fileRef = FC9E898D1E1CB6820022F30F /* libsqlite3.tbd */; };
		FC9E89901E1CB7810022F30F /* Contactos.db in Resources */ = {isa = PBXBuildFile; fileRef = FC9E898F1E1CB7810022F30F /* Contactos.db */; };
/* End PBXBuildFile section */

/* Begin PBXFileReference section */
		FC1D7D8E1E8B208300F0EB5D /* Persona.h */ = {isa = PBXFileReference; fileEncoding = 4; lastKnownFileType = sourcecode.c.h; path = Persona.h; sourceTree = "<group>"; };
		FC1D7D8F1E8B208300F0EB5D /* Persona.m */ = {isa = PBXFileReference; fileEncoding = 4; lastKnownFileType = sourcecode.c.objc; path = Persona.m; sourceTree = "<group>"; };
		FC9E896D1E1CA4FA0022F30F /* AppEjercicio21.app */ = {isa = PBXFileReference; explicitFileType = wrapper.application; includeInIndex = 0; path = AppEjercicio21.app; sourceTree = BUILT_PRODUCTS_DIR; };
		FC9E89701E1CA4FA0022F30F /* AppDelegate.h */ = {isa = PBXFileReference; lastKnownFileType = sourcecode.c.h; path = AppDelegate.h; sourceTree = "<group>"; };
		FC9E89711E1CA4FA0022F30F /* AppDelegate.m */ = {isa = PBXFileReference; lastKnownFileType = sourcecode.c.objc; path = AppDelegate.m; sourceTree = "<group>"; };
		FC9E89741E1CA4FA0022F30F /* main.m */ = {isa = PBXFileReference; lastKnownFileType = sourcecode.c.objc; path = main.m; sourceTree = "<group>"; };
		FC9E89761E1CA4FA0022F30F /* ViewController.h */ = {isa = PBXFileReference; lastKnownFileType = sourcecode.c.h; path = ViewController.h; sourceTree = "<group>"; };
		FC9E89771E1CA4FA0022F30F /* ViewController.m */ = {isa = PBXFileReference; lastKnownFileType = sourcecode.c.objc; path = ViewController.m; sourceTree = "<group>"; };
		FC9E89791E1CA4FA0022F30F /* Assets.xcassets */ = {isa = PBXFileReference; lastKnownFileType = folder.assetcatalog; path = Assets.xcassets; sourceTree = "<group>"; };
		FC9E897C1E1CA4FA0022F30F /* Base */ = {isa = PBXFileReference; lastKnownFileType = file.storyboard; name = Base; path = Base.lproj/Main.storyboard; sourceTree = "<group>"; };
		FC9E897E1E1CA4FA0022F30F /* Info.plist */ = {isa = PBXFileReference; lastKnownFileType = text.plist.xml; path = Info.plist; sourceTree = "<group>"; };
		FC9E89861E1CA6A70022F30F /* AlmacenamientoLocal.h */ = {isa = PBXFileReference; fileEncoding = 4; lastKnownFileType = sourcecode.c.h; path = AlmacenamientoLocal.h; sourceTree = "<group>"; };
		FC9E89871E1CA6A70022F30F /* AlmacenamientoLocal.m */ = {isa = PBXFileReference; fileEncoding = 4; lastKnownFileType = sourcecode.c.objc; path = AlmacenamientoLocal.m; sourceTree = "<group>"; };
		FC9E89891E1CA6CA0022F30F /* AlmacenSQLite.h */ = {isa = PBXFileReference; fileEncoding = 4; lastKnownFileType = sourcecode.c.h; path = AlmacenSQLite.h; sourceTree = "<group>"; };
		FC9E898A1E1CA6CA0022F30F /* AlmacenSQLite.m */ = {isa = PBXFileReference; fileEncoding = 4; lastKnownFileType = sourcecode.c.objc; path = AlmacenSQLite.m; sourceTree = "<group>"; };
		FC9E898D1E1CB6820022F30F /* libsqlite3.tbd */ = {isa = PBXFileReference; lastKnownFileType = "sourcecode.text-based-dylib-definition"; name = libsqlite3.tbd; path = usr/lib/libsqlite3.tbd; sourceTree = SDKROOT; };
		FC9E898F1E1CB7810022F30F /* Contactos.db */ = {isa = PBXFileReference; lastKnownFileType = file; path = Contactos.db; sourceTree = "<group>"; };
/* End PBXFileReference section */

/* Begin PBXFrameworksBuildPhase section */
		FC9E896A1E1CA4FA0022F30F /* Frameworks */ = {
			isa = PBXFrameworksBuildPhase;
			buildActionMask = 2147483647;
			files = (
				FC9E898E1E1CB6820022F30F /* libsqlite3.tbd in Frameworks */,
			);
			runOnlyForDeploymentPostprocessing = 0;
		};
/* End PBXFrameworksBuildPhase section */

/* Begin PBXGroup section */
		FC9E89641E1CA4F90022F30F = {
			isa = PBXGroup;
			children = (
				FC9E896F1E1CA4FA0022F30F /* AppEjercicio21 */,
				FC9E896E1E1CA4FA0022F30F /* Products */,
				FC9E898C1E1CB6820022F30F /* Frameworks */,
			);
			sourceTree = "<group>";
		};
		FC9E896E1E1CA4FA0022F30F /* Products */ = {
			isa = PBXGroup;
			children = (
				FC9E896D1E1CA4FA0022F30F /* AppEjercicio21.app */,
			);
			name = Products;
			sourceTree = "<group>";
		};
		FC9E896F1E1CA4FA0022F30F /* AppEjercicio21 */ = {
			isa = PBXGroup;
			children = (
				FC1D7D8E1E8B208300F0EB5D /* Persona.h */,
				FC1D7D8F1E8B208300F0EB5D /* Persona.m */,
				FC9E898F1E1CB7810022F30F /* Contactos.db */,
				FC9E89851E1CA5A70022F30F /* Almacen SQLite */,
				FC9E89841E1CA58F0022F30F /* Almacen en archivo */,
				FC9E89701E1CA4FA0022F30F /* AppDelegate.h */,
				FC9E89711E1CA4FA0022F30F /* AppDelegate.m */,
				FC9E89761E1CA4FA0022F30F /* ViewController.h */,
				FC9E89771E1CA4FA0022F30F /* ViewController.m */,
				FC9E89791E1CA4FA0022F30F /* Assets.xcassets */,
				FC9E897B1E1CA4FA0022F30F /* Main.storyboard */,
				FC9E897E1E1CA4FA0022F30F /* Info.plist */,
				FC9E89731E1CA4FA0022F30F /* Supporting Files */,
			);
			path = AppEjercicio21;
			sourceTree = "<group>";
		};
		FC9E89731E1CA4FA0022F30F /* Supporting Files */ = {
			isa = PBXGroup;
			children = (
				FC9E89741E1CA4FA0022F30F /* main.m */,
			);
			name = "Supporting Files";
			sourceTree = "<group>";
		};
		FC9E89841E1CA58F0022F30F /* Almacen en archivo */ = {
			isa = PBXGroup;
			children = (
				FC9E89861E1CA6A70022F30F /* AlmacenamientoLocal.h */,
				FC9E89871E1CA6A70022F30F /* AlmacenamientoLocal.m */,
			);
			name = "Almacen en archivo";
			sourceTree = "<group>";
		};
		FC9E89851E1CA5A70022F30F /* Almacen SQLite */ = {
			isa = PBXGroup;
			children = (
				FC9E89891E1CA6CA0022F30F /* AlmacenSQLite.h */,
				FC9E898A1E1CA6CA0022F30F /* AlmacenSQLite.m */,
			);
			name = "Almacen SQLite";
			sourceTree = "<group>";
		};
		FC9E898C1E1CB6820022F30F /* Frameworks */ = {
			isa = PBXGroup;
			children = (
				FC9E898D1E1CB6820022F30F /* libsqlite3.tbd */,
			);
			name = Frameworks;
			sourceTree = "<group>";
		};
/* End PBXGroup section */

/* Begin PBXNativeTarget section */
		FC9E896C1E1CA4FA0022F30F /* AppEjercicio21 */ = {
			isa = PBXNativeTarget;
			buildConfigurationList = FC9E89811E1CA4FA0022F30F /* Build configuration list for PBXNativeTarget "AppEjercicio21" */;
			buildPhases = (
				FC9E89691E1CA4FA0022F30F /* Sources */,
				FC9E896A1E1CA4FA0022F30F /* Frameworks */,
				FC9E896B1E1CA4FA0022F30F /* Resources */,
			);
			buildRules = (
			);
			dependencies = (
			);
			name = AppEjercicio21;
			productName = AppEjercicio21;
			productReference = FC9E896D1E1CA4FA0022F30F /* AppEjercicio21.app */;
			productType = "com.apple.product-type.application";
		};
/* End PBXNativeTarget section */

/* Begin PBXProject section */
		FC9E89651E1CA4F90022F30F /* Project object */ = {
			isa = PBXProject;
			attributes = {
				LastUpgradeCheck = 1240;
				ORGANIZATIONNAME = "Felipe Hernandez";
				TargetAttributes = {
					FC9E896C1E1CA4FA0022F30F = {
						CreatedOnToolsVersion = 8.2.1;
						ProvisioningStyle = Automatic;
					};
				};
			};
			buildConfigurationList = FC9E89681E1CA4F90022F30F /* Build configuration list for PBXProject "AppEjercicio21" */;
			compatibilityVersion = "Xcode 3.2";
			developmentRegion = en;
			hasScannedForEncodings = 0;
			knownRegions = (
				en,
				Base,
			);
			mainGroup = FC9E89641E1CA4F90022F30F;
			productRefGroup = FC9E896E1E1CA4FA0022F30F /* Products */;
			projectDirPath = "";
			projectRoot = "";
			targets = (
				FC9E896C1E1CA4FA0022F30F /* AppEjercicio21 */,
			);
		};
/* End PBXProject section */

/* Begin PBXResourcesBuildPhase section */
		FC9E896B1E1CA4FA0022F30F /* Resources */ = {
			isa = PBXResourcesBuildPhase;
			buildActionMask = 2147483647;
			files = (
				FC9E897A1E1CA4FA0022F30F /* Assets.xcassets in Resources */,
				FC9E89901E1CB7810022F30F /* Contactos.db in Resources */,
				FC9E897D1E1CA4FA0022F30F /* Main.storyboard in Resources */,
			);
			runOnlyForDeploymentPostprocessing = 0;
		};
/* End PBXResourcesBuildPhase section */

/* Begin PBXSourcesBuildPhase section */
		FC9E89691E1CA4FA0022F30F /* Sources */ = {
			isa = PBXSourcesBuildPhase;
			buildActionMask = 2147483647;
			files = (
				FC1D7D901E8B208300F0EB5D /* Persona.m in Sources */,
				FC9E898B1E1CA6CA0022F30F /* AlmacenSQLite.m in Sources */,
				FC9E89781E1CA4FA0022F30F /* ViewController.m in Sources */,
				FC9E89881E1CA6A70022F30F /* AlmacenamientoLocal.m in Sources */,
				FC9E89751E1CA4FA0022F30F /* main.m in Sources */,
				FC9E89721E1CA4FA0022F30F /* AppDelegate.m in Sources */,
			);
			runOnlyForDeploymentPostprocessing = 0;
		};
/* End PBXSourcesBuildPhase section */

/* Begin PBXVariantGroup section */
		FC9E897B1E1CA4FA0022F30F /* Main.storyboard */ = {
			isa = PBXVariantGroup;
			children = (
				FC9E897C1E1CA4FA0022F30F /* Base */,
			);
			name = Main.storyboard;
			sourceTree = "<group>";
		};
/* End PBXVariantGroup section */

/* Begin XCBuildConfiguration section */
		FC9E897F1E1CA4FA0022F30F /* Debug */ = {
			isa = XCBuildConfiguration;
			buildSettings = {
				ALWAYS_SEARCH_USER_PATHS = NO;
				CLANG_ANALYZER_LOCALIZABILITY_NONLOCALIZED = YES;
				CLANG_ANALYZER_NONNULL = YES;
				CLANG_CXX_LANGUAGE_STANDARD = "gnu++0x";
				CLANG_CXX_LIBRARY = "libc++";
				CLANG_ENABLE_MODULES = YES;
				CLANG_ENABLE_OBJC_ARC = YES;
				CLANG_WARN_BLOCK_CAPTURE_AUTORELEASING = YES;
				CLANG_WARN_BOOL_CONVERSION = YES;
				CLANG_WARN_COMMA = YES;
				CLANG_WARN_CONSTANT_CONVERSION = YES;
				CLANG_WARN_DEPRECATED_OBJC_IMPLEMENTATIONS = YES;
				CLANG_WARN_DIRECT_OBJC_ISA_USAGE = YES_ERROR;
				CLANG_WARN_DOCUMENTATION_COMMENTS = YES;
				CLANG_WARN_EMPTY_BODY = YES;
				CLANG_WARN_ENUM_CONVERSION = YES;
				CLANG_WARN_INFINITE_RECURSION = YES;
				CLANG_WARN_INT_CONVERSION = YES;
				CLANG_WARN_NON_LITERAL_NULL_CONVERSION = YES;
				CLANG_WARN_OBJC_IMPLICIT_RETAIN_SELF = YES;
				CLANG_WARN_OBJC_LITERAL_CONVERSION = YES;
				CLANG_WARN_OBJC_ROOT_CLASS = YES_ERROR;
				CLANG_WARN_QUOTED_INCLUDE_IN_FRAMEWORK_HEADER = YES;
				CLANG_WARN_RANGE_LOOP_ANALYSIS = YES;
				CLANG_WARN_STRICT_PROTOTYPES = YES;
				CLANG_WARN_SUSPICIOUS_MOVE = YES;
				CLANG_WARN_UNREACHABLE_CODE = YES;
				CLANG_WARN__DUPLICATE_METHOD_MATCH = YES;
				CODE_SIGN_IDENTITY = "-";
				COPY_PHASE_STRIP = NO;
				DEBUG_INFORMATION_FORMAT = dwarf;
				ENABLE_STRICT_OBJC_MSGSEND = YES;
				ENABLE_TESTABILITY = YES;
				GCC_C_LANGUAGE_STANDARD = gnu99;
				GCC_DYNAMIC_NO_PIC = NO;
				GCC_NO_COMMON_BLOCKS = YES;
				GCC_OPTIMIZATION_LEVEL = 0;
				GCC_PREPROCESSOR_DEFINITIONS = (
					"DEBUG=1",
					"$(inherited)",
				);
				GCC_WARN_64_TO_32_BIT_CONVERSION = YES;
				GCC_WARN_ABOUT_RETURN_TYPE = YES_ERROR;
				GCC_WARN_UNDECLARED_SELECTOR = YES;
				GCC_WARN_UNINITIALIZED_AUTOS = YES_AGGRESSIVE;
				GCC_WARN_UNUSED_FUNCTION = YES;
				GCC_WARN_UNUSED_VARIABLE = YES;
				MACOSX_DEPLOYMENT_TARGET = 10.12;
				MTL_ENABLE_DEBUG_INFO = YES;
				ONLY_ACTIVE_ARCH = YES;
				SDKROOT = macosx;
			};
			name = Debug;
		};
		FC9E89801E1CA4FA0022F30F /* Release */ = {
			isa = XCBuildConfiguration;
			buildSettings = {
				ALWAYS_SEARCH_USER_PATHS = NO;
				CLANG_ANALYZER_LOCALIZABILITY_NONLOCALIZED = YES;
				CLANG_ANALYZER_NONNULL = YES;
				CLANG_CXX_LANGUAGE_STANDARD = "gnu++0x";
				CLANG_CXX_LIBRARY = "libc++";
				CLANG_ENABLE_MODULES = YES;
				CLANG_ENABLE_OBJC_ARC = YES;
				CLANG_WARN_BLOCK_CAPTURE_AUTORELEASING = YES;
				CLANG_WARN_BOOL_CONVERSION = YES;
				CLANG_WARN_COMMA = YES;
				CLANG_WARN_CONSTANT_CONVERSION = YES;
				CLANG_WARN_DEPRECATED_OBJC_IMPLEMENTATIONS = YES;
				CLANG_WARN_DIRECT_OBJC_ISA_USAGE = YES_ERROR;
				CLANG_WARN_DOCUMENTATION_COMMENTS = YES;
				CLANG_WARN_EMPTY_BODY = YES;
				CLANG_WARN_ENUM_CONVERSION = YES;
				CLANG_WARN_INFINITE_RECURSION = YES;
				CLANG_WARN_INT_CONVERSION = YES;
				CLANG_WARN_NON_LITERAL_NULL_CONVERSION = YES;
				CLANG_WARN_OBJC_IMPLICIT_RETAIN_SELF = YES;
				CLANG_WARN_OBJC_LITERAL_CONVERSION = YES;
				CLANG_WARN_OBJC_ROOT_CLASS = YES_ERROR;
				CLANG_WARN_QUOTED_INCLUDE_IN_FRAMEWORK_HEADER = YES;
				CLANG_WARN_RANGE_LOOP_ANALYSIS = YES;
				CLANG_WARN_STRICT_PROTOTYPES = YES;
				CLANG_WARN_SUSPICIOUS_MOVE = YES;
				CLANG_WARN_UNREACHABLE_CODE = YES;
				CLANG_WARN__DUPLICATE_METHOD_MATCH = YES;
				CODE_SIGN_IDENTITY = "-";
				COPY_PHASE_STRIP = NO;
				DEBUG_INFORMATION_FORMAT = "dwarf-with-dsym";
				ENABLE_NS_ASSERTIONS = NO;
				ENABLE_STRICT_OBJC_MSGSEND = YES;
				GCC_C_LANGUAGE_STANDARD = gnu99;
				GCC_NO_COMMON_BLOCKS = YES;
				GCC_WARN_64_TO_32_BIT_CONVERSION = YES;
				GCC_WARN_ABOUT_RETURN_TYPE = YES_ERROR;
				GCC_WARN_UNDECLARED_SELECTOR = YES;
				GCC_WARN_UNINITIALIZED_AUTOS = YES_AGGRESSIVE;
				GCC_WARN_UNUSED_FUNCTION = YES;
				GCC_WARN_UNUSED_VARIABLE = YES;
				MACOSX_DEPLOYMENT_TARGET = 10.12;
				MTL_ENABLE_DEBUG_INFO = NO;
				SDKROOT = macosx;
			};
			name = Release;
		};
		FC9E89821E1CA4FA0022F30F /* Debug */ = {
			isa = XCBuildConfiguration;
			buildSettings = {
				ASSETCATALOG_COMPILER_APPICON_NAME = AppIcon;
				CODE_SIGN_IDENTITY = "-";
				COMBINE_HIDPI_IMAGES = YES;
				INFOPLIST_FILE = AppEjercicio21/Info.plist;
				LD_RUNPATH_SEARCH_PATHS = "$(inherited) @executable_path/../Frameworks";
				PRODUCT_BUNDLE_IDENTIFIER = com.app.AppEjercicio21;
				PRODUCT_NAME = "$(TARGET_NAME)";
			};
			name = Debug;
		};
		FC9E89831E1CA4FA0022F30F /* Release */ = {
			isa = XCBuildConfiguration;
			buildSettings = {
				ASSETCATALOG_COMPILER_APPICON_NAME = AppIcon;
				CODE_SIGN_IDENTITY = "-";
				COMBINE_HIDPI_IMAGES = YES;
				INFOPLIST_FILE = AppEjercicio21/Info.plist;
				LD_RUNPATH_SEARCH_PATHS = "$(inherited) @executable_path/../Frameworks";
				PRODUCT_BUNDLE_IDENTIFIER = com.app.AppEjercicio21;
				PRODUCT_NAME = "$(TARGET_NAME)";
			};
			name = Release;
		};
/* End XCBuildConfiguration section */

/* Begin XCConfigurationList section */
		FC9E89681E1CA4F90022F30F /* Build configuration list for PBXProject "AppEjercicio21" */ = {
			isa = XCConfigurationList;
			buildConfigurations = (
				FC9E897F1E1CA4FA0022F30F /* Debug */,
				FC9E89801E1CA4FA0022F30F /* Release */,
			);
			defaultConfigurationIsVisible = 0;
			defaultConfigurationName = Release;
		};
		FC9E89811E1CA4FA0022F30F /* Build configuration list for PBXNativeTarget "AppEjercicio21" */ = {
			isa = XCConfigurationList;
			buildConfigurations = (
				FC9E89821E1CA4FA0022F30F /* Debug */,
				FC9E89831E1CA4FA0022F30F /* Release */,
			);
			defaultConfigurationIsVisible = 0;
			defaultConfigurationName = Release;
		};
/* End XCConfigurationList section */
	};
	rootObject = FC9E89651E1CA4F90022F30F /* Project object */;
}
