// !$*UTF8*$!
{
	archiveVersion = 1;
	classes = {
	};
	objectVersion = 46;
	objects = {

/* Begin PBXBuildFile section */
		0ADDB4D93BFADB74B72B8F53 /* libPods-EjemploCocoapods.a in Frameworks */ = {isa = PBXBuildFile; fileRef = 8062D92E775F922BE13D4FDC /* libPods-EjemploCocoapods.a */; };
		FC45F73B1E8181BD00B2155B /* AppDelegate.m in Sources */ = {isa = PBXBuildFile; fileRef = FC45F73A1E8181BD00B2155B /* AppDelegate.m */; };
		FC45F73E1E8181BD00B2155B /* main.m in Sources */ = {isa = PBXBuildFile; fileRef = FC45F73D1E8181BD00B2155B /* main.m */; };
		FC45F7411E8181BD00B2155B /* ViewController.m in Sources */ = {isa = PBXBuildFile; fileRef = FC45F7401E8181BD00B2155B /* ViewController.m */; };
		FC45F7431E8181BD00B2155B /* Assets.xcassets in Resources */ = {isa = PBXBuildFile; fileRef = FC45F7421E8181BD00B2155B /* Assets.xcassets */; };
		FC45F7461E8181BD00B2155B /* Main.storyboard in Resources */ = {isa = PBXBuildFile; fileRef = FC45F7441E8181BD00B2155B /* Main.storyboard */; };
/* End PBXBuildFile section */

/* Begin PBXFileReference section */
		8062D92E775F922BE13D4FDC /* libPods-EjemploCocoapods.a */ = {isa = PBXFileReference; explicitFileType = archive.ar; includeInIndex = 0; path = "libPods-EjemploCocoapods.a"; sourceTree = BUILT_PRODUCTS_DIR; };
		971808CEE34C2023B0C3AB3D /* Pods-EjemploCocoapods.release.xcconfig */ = {isa = PBXFileReference; includeInIndex = 1; lastKnownFileType = text.xcconfig; name = "Pods-EjemploCocoapods.release.xcconfig"; path = "Pods/Target Support Files/Pods-EjemploCocoapods/Pods-EjemploCocoapods.release.xcconfig"; sourceTree = "<group>"; };
		B1470B2DE29D36CF1C6FDD90 /* Pods-EjemploCocoapods.debug.xcconfig */ = {isa = PBXFileReference; includeInIndex = 1; lastKnownFileType = text.xcconfig; name = "Pods-EjemploCocoapods.debug.xcconfig"; path = "Pods/Target Support Files/Pods-EjemploCocoapods/Pods-EjemploCocoapods.debug.xcconfig"; sourceTree = "<group>"; };
		FC45F7361E8181BD00B2155B /* EjemploCocoapods.app */ = {isa = PBXFileReference; explicitFileType = wrapper.application; includeInIndex = 0; path = EjemploCocoapods.app; sourceTree = BUILT_PRODUCTS_DIR; };
		FC45F7391E8181BD00B2155B /* AppDelegate.h */ = {isa = PBXFileReference; lastKnownFileType = sourcecode.c.h; path = AppDelegate.h; sourceTree = "<group>"; };
		FC45F73A1E8181BD00B2155B /* AppDelegate.m */ = {isa = PBXFileReference; lastKnownFileType = sourcecode.c.objc; path = AppDelegate.m; sourceTree = "<group>"; };
		FC45F73D1E8181BD00B2155B /* main.m */ = {isa = PBXFileReference; lastKnownFileType = sourcecode.c.objc; path = main.m; sourceTree = "<group>"; };
		FC45F73F1E8181BD00B2155B /* ViewController.h */ = {isa = PBXFileReference; lastKnownFileType = sourcecode.c.h; path = ViewController.h; sourceTree = "<group>"; };
		FC45F7401E8181BD00B2155B /* ViewController.m */ = {isa = PBXFileReference; lastKnownFileType = sourcecode.c.objc; path = ViewController.m; sourceTree = "<group>"; };
		FC45F7421E8181BD00B2155B /* Assets.xcassets */ = {isa = PBXFileReference; lastKnownFileType = folder.assetcatalog; path = Assets.xcassets; sourceTree = "<group>"; };
		FC45F7451E8181BD00B2155B /* Base */ = {isa = PBXFileReference; lastKnownFileType = file.storyboard; name = Base; path = Base.lproj/Main.storyboard; sourceTree = "<group>"; };
		FC45F7471E8181BD00B2155B /* Info.plist */ = {isa = PBXFileReference; lastKnownFileType = text.plist.xml; path = Info.plist; sourceTree = "<group>"; };
/* End PBXFileReference section */

/* Begin PBXFrameworksBuildPhase section */
		FC45F7331E8181BD00B2155B /* Frameworks */ = {
			isa = PBXFrameworksBuildPhase;
			buildActionMask = 2147483647;
			files = (
				0ADDB4D93BFADB74B72B8F53 /* libPods-EjemploCocoapods.a in Frameworks */,
			);
			runOnlyForDeploymentPostprocessing = 0;
		};
/* End PBXFrameworksBuildPhase section */

/* Begin PBXGroup section */
		07149968DF817B03D6B2B2A1 /* Pods */ = {
			isa = PBXGroup;
			children = (
				B1470B2DE29D36CF1C6FDD90 /* Pods-EjemploCocoapods.debug.xcconfig */,
				971808CEE34C2023B0C3AB3D /* Pods-EjemploCocoapods.release.xcconfig */,
			);
			name = Pods;
			sourceTree = "<group>";
		};
		F2BD2A8556C44CBF6AB2DF4B /* Frameworks */ = {
			isa = PBXGroup;
			children = (
				8062D92E775F922BE13D4FDC /* libPods-EjemploCocoapods.a */,
			);
			name = Frameworks;
			sourceTree = "<group>";
		};
		FC45F72D1E8181BD00B2155B = {
			isa = PBXGroup;
			children = (
				FC45F7381E8181BD00B2155B /* EjemploCocoapods */,
				FC45F7371E8181BD00B2155B /* Products */,
				07149968DF817B03D6B2B2A1 /* Pods */,
				F2BD2A8556C44CBF6AB2DF4B /* Frameworks */,
			);
			sourceTree = "<group>";
		};
		FC45F7371E8181BD00B2155B /* Products */ = {
			isa = PBXGroup;
			children = (
				FC45F7361E8181BD00B2155B /* EjemploCocoapods.app */,
			);
			name = Products;
			sourceTree = "<group>";
		};
		FC45F7381E8181BD00B2155B /* EjemploCocoapods */ = {
			isa = PBXGroup;
			children = (
				FC45F7391E8181BD00B2155B /* AppDelegate.h */,
				FC45F73A1E8181BD00B2155B /* AppDelegate.m */,
				FC45F73F1E8181BD00B2155B /* ViewController.h */,
				FC45F7401E8181BD00B2155B /* ViewController.m */,
				FC45F7421E8181BD00B2155B /* Assets.xcassets */,
				FC45F7441E8181BD00B2155B /* Main.storyboard */,
				FC45F7471E8181BD00B2155B /* Info.plist */,
				FC45F73C1E8181BD00B2155B /* Supporting Files */,
			);
			path = EjemploCocoapods;
			sourceTree = "<group>";
		};
		FC45F73C1E8181BD00B2155B /* Supporting Files */ = {
			isa = PBXGroup;
			children = (
				FC45F73D1E8181BD00B2155B /* main.m */,
			);
			name = "Supporting Files";
			sourceTree = "<group>";
		};
/* End PBXGroup section */

/* Begin PBXNativeTarget section */
		FC45F7351E8181BD00B2155B /* EjemploCocoapods */ = {
			isa = PBXNativeTarget;
			buildConfigurationList = FC45F74A1E8181BD00B2155B /* Build configuration list for PBXNativeTarget "EjemploCocoapods" */;
			buildPhases = (
				06C2F23ED9E46BB988323A25 /* [CP] Check Pods Manifest.lock */,
				FC45F7321E8181BD00B2155B /* Sources */,
				FC45F7331E8181BD00B2155B /* Frameworks */,
				FC45F7341E8181BD00B2155B /* Resources */,
				3CC32B49E4737A2C9759BD0B /* [CP] Embed Pods Frameworks */,
				F099CAC8B83A56DBA6A0A118 /* [CP] Copy Pods Resources */,
			);
			buildRules = (
			);
			dependencies = (
			);
			name = EjemploCocoapods;
			productName = EjemploCocoapods;
			productReference = FC45F7361E8181BD00B2155B /* EjemploCocoapods.app */;
			productType = "com.apple.product-type.application";
		};
/* End PBXNativeTarget section */

/* Begin PBXProject section */
		FC45F72E1E8181BD00B2155B /* Project object */ = {
			isa = PBXProject;
			attributes = {
				LastUpgradeCheck = 0820;
				ORGANIZATIONNAME = "Felipe Hernandez";
				TargetAttributes = {
					FC45F7351E8181BD00B2155B = {
						CreatedOnToolsVersion = 8.2.1;
						ProvisioningStyle = Automatic;
					};
				};
			};
			buildConfigurationList = FC45F7311E8181BD00B2155B /* Build configuration list for PBXProject "EjemploCocoapods" */;
			compatibilityVersion = "Xcode 3.2";
			developmentRegion = English;
			hasScannedForEncodings = 0;
			knownRegions = (
				en,
				Base,
			);
			mainGroup = FC45F72D1E8181BD00B2155B;
			productRefGroup = FC45F7371E8181BD00B2155B /* Products */;
			projectDirPath = "";
			projectRoot = "";
			targets = (
				FC45F7351E8181BD00B2155B /* EjemploCocoapods */,
			);
		};
/* End PBXProject section */

/* Begin PBXResourcesBuildPhase section */
		FC45F7341E8181BD00B2155B /* Resources */ = {
			isa = PBXResourcesBuildPhase;
			buildActionMask = 2147483647;
			files = (
				FC45F7431E8181BD00B2155B /* Assets.xcassets in Resources */,
				FC45F7461E8181BD00B2155B /* Main.storyboard in Resources */,
			);
			runOnlyForDeploymentPostprocessing = 0;
		};
/* End PBXResourcesBuildPhase section */

/* Begin PBXShellScriptBuildPhase section */
		06C2F23ED9E46BB988323A25 /* [CP] Check Pods Manifest.lock */ = {
			isa = PBXShellScriptBuildPhase;
			buildActionMask = 2147483647;
			files = (
			);
			inputPaths = (
			);
			name = "[CP] Check Pods Manifest.lock";
			outputPaths = (
			);
			runOnlyForDeploymentPostprocessing = 0;
			shellPath = /bin/sh;
			shellScript = "diff \"${PODS_ROOT}/../Podfile.lock\" \"${PODS_ROOT}/Manifest.lock\" > /dev/null\nif [ $? != 0 ] ; then\n    # print error to STDERR\n    echo \"error: The sandbox is not in sync with the Podfile.lock. Run 'pod install' or update your CocoaPods installation.\" >&2\n    exit 1\nfi\n";
			showEnvVarsInLog = 0;
		};
		3CC32B49E4737A2C9759BD0B /* [CP] Embed Pods Frameworks */ = {
			isa = PBXShellScriptBuildPhase;
			buildActionMask = 2147483647;
			files = (
			);
			inputPaths = (
			);
			name = "[CP] Embed Pods Frameworks";
			outputPaths = (
			);
			runOnlyForDeploymentPostprocessing = 0;
			shellPath = /bin/sh;
			shellScript = "\"${SRCROOT}/Pods/Target Support Files/Pods-EjemploCocoapods/Pods-EjemploCocoapods-frameworks.sh\"\n";
			showEnvVarsInLog = 0;
		};
		F099CAC8B83A56DBA6A0A118 /* [CP] Copy Pods Resources */ = {
			isa = PBXShellScriptBuildPhase;
			buildActionMask = 2147483647;
			files = (
			);
			inputPaths = (
			);
			name = "[CP] Copy Pods Resources";
			outputPaths = (
			);
			runOnlyForDeploymentPostprocessing = 0;
			shellPath = /bin/sh;
			shellScript = "\"${SRCROOT}/Pods/Target Support Files/Pods-EjemploCocoapods/Pods-EjemploCocoapods-resources.sh\"\n";
			showEnvVarsInLog = 0;
		};
/* End PBXShellScriptBuildPhase section */

/* Begin PBXSourcesBuildPhase section */
		FC45F7321E8181BD00B2155B /* Sources */ = {
			isa = PBXSourcesBuildPhase;
			buildActionMask = 2147483647;
			files = (
				FC45F7411E8181BD00B2155B /* ViewController.m in Sources */,
				FC45F73E1E8181BD00B2155B /* main.m in Sources */,
				FC45F73B1E8181BD00B2155B /* AppDelegate.m in Sources */,
			);
			runOnlyForDeploymentPostprocessing = 0;
		};
/* End PBXSourcesBuildPhase section */

/* Begin PBXVariantGroup section */
		FC45F7441E8181BD00B2155B /* Main.storyboard */ = {
			isa = PBXVariantGroup;
			children = (
				FC45F7451E8181BD00B2155B /* Base */,
			);
			name = Main.storyboard;
			sourceTree = "<group>";
		};
/* End PBXVariantGroup section */

/* Begin XCBuildConfiguration section */
		FC45F7481E8181BD00B2155B /* Debug */ = {
			isa = XCBuildConfiguration;
			buildSettings = {
				ALWAYS_SEARCH_USER_PATHS = NO;
				CLANG_ANALYZER_NONNULL = YES;
				CLANG_CXX_LANGUAGE_STANDARD = "gnu++0x";
				CLANG_CXX_LIBRARY = "libc++";
				CLANG_ENABLE_MODULES = YES;
				CLANG_ENABLE_OBJC_ARC = YES;
				CLANG_WARN_BOOL_CONVERSION = YES;
				CLANG_WARN_CONSTANT_CONVERSION = YES;
				CLANG_WARN_DIRECT_OBJC_ISA_USAGE = YES_ERROR;
				CLANG_WARN_DOCUMENTATION_COMMENTS = YES;
				CLANG_WARN_EMPTY_BODY = YES;
				CLANG_WARN_ENUM_CONVERSION = YES;
				CLANG_WARN_INFINITE_RECURSION = YES;
				CLANG_WARN_INT_CONVERSION = YES;
				CLANG_WARN_OBJC_ROOT_CLASS = YES_ERROR;
				CLANG_WARN_SUSPICIOUS_MOVE = YES;
				CLANG_WARN_UNREACHABLE_CODE = YES;
				CLANG_WARN__DUPLICATE_METHOD_MATCH = YES;
				CODE_SIGN_IDENTITY = "-";
				COPY_PHASE_STRIP = NO;
				DEBUG_INFORMATION_FORMAT = dwarf;
				ENABLE_STRICT_OBJC_MSGSEND = YES;
				ENABLE_TESTABILITY = YES;
				GCC_C_LANGUAGE_STANDARD = gnu99;
				GCC_DYNAMIC_NO_PIC = NO;
				GCC_NO_COMMON_BLOCKS = YES;
				GCC_OPTIMIZATION_LEVEL = 0;
				GCC_PREPROCESSOR_DEFINITIONS = (
					"DEBUG=1",
					"$(inherited)",
				);
				GCC_WARN_64_TO_32_BIT_CONVERSION = YES;
				GCC_WARN_ABOUT_RETURN_TYPE = YES_ERROR;
				GCC_WARN_UNDECLARED_SELECTOR = YES;
				GCC_WARN_UNINITIALIZED_AUTOS = YES_AGGRESSIVE;
				GCC_WARN_UNUSED_FUNCTION = YES;
				GCC_WARN_UNUSED_VARIABLE = YES;
				MACOSX_DEPLOYMENT_TARGET = 10.12;
				MTL_ENABLE_DEBUG_INFO = YES;
				ONLY_ACTIVE_ARCH = YES;
				SDKROOT = macosx;
			};
			name = Debug;
		};
		FC45F7491E8181BD00B2155B /* Release */ = {
			isa = XCBuildConfiguration;
			buildSettings = {
				ALWAYS_SEARCH_USER_PATHS = NO;
				CLANG_ANALYZER_NONNULL = YES;
				CLANG_CXX_LANGUAGE_STANDARD = "gnu++0x";
				CLANG_CXX_LIBRARY = "libc++";
				CLANG_ENABLE_MODULES = YES;
				CLANG_ENABLE_OBJC_ARC = YES;
				CLANG_WARN_BOOL_CONVERSION = YES;
				CLANG_WARN_CONSTANT_CONVERSION = YES;
				CLANG_WARN_DIRECT_OBJC_ISA_USAGE = YES_ERROR;
				CLANG_WARN_DOCUMENTATION_COMMENTS = YES;
				CLANG_WARN_EMPTY_BODY = YES;
				CLANG_WARN_ENUM_CONVERSION = YES;
				CLANG_WARN_INFINITE_RECURSION = YES;
				CLANG_WARN_INT_CONVERSION = YES;
				CLANG_WARN_OBJC_ROOT_CLASS = YES_ERROR;
				CLANG_WARN_SUSPICIOUS_MOVE = YES;
				CLANG_WARN_UNREACHABLE_CODE = YES;
				CLANG_WARN__DUPLICATE_METHOD_MATCH = YES;
				CODE_SIGN_IDENTITY = "-";
				COPY_PHASE_STRIP = NO;
				DEBUG_INFORMATION_FORMAT = "dwarf-with-dsym";
				ENABLE_NS_ASSERTIONS = NO;
				ENABLE_STRICT_OBJC_MSGSEND = YES;
				GCC_C_LANGUAGE_STANDARD = gnu99;
				GCC_NO_COMMON_BLOCKS = YES;
				GCC_WARN_64_TO_32_BIT_CONVERSION = YES;
				GCC_WARN_ABOUT_RETURN_TYPE = YES_ERROR;
				GCC_WARN_UNDECLARED_SELECTOR = YES;
				GCC_WARN_UNINITIALIZED_AUTOS = YES_AGGRESSIVE;
				GCC_WARN_UNUSED_FUNCTION = YES;
				GCC_WARN_UNUSED_VARIABLE = YES;
				MACOSX_DEPLOYMENT_TARGET = 10.12;
				MTL_ENABLE_DEBUG_INFO = NO;
				SDKROOT = macosx;
			};
			name = Release;
		};
		FC45F74B1E8181BD00B2155B /* Debug */ = {
			isa = XCBuildConfiguration;
			baseConfigurationReference = B1470B2DE29D36CF1C6FDD90 /* Pods-EjemploCocoapods.debug.xcconfig */;
			buildSettings = {
				ASSETCATALOG_COMPILER_APPICON_NAME = AppIcon;
				COMBINE_HIDPI_IMAGES = YES;
				INFOPLIST_FILE = EjemploCocoapods/Info.plist;
				LD_RUNPATH_SEARCH_PATHS = "$(inherited) @executable_path/../Frameworks";
				PRODUCT_BUNDLE_IDENTIFIER = com.app.felipe.EjemploCocoapods;
				PRODUCT_NAME = "$(TARGET_NAME)";
			};
			name = Debug;
		};
		FC45F74C1E8181BD00B2155B /* Release */ = {
			isa = XCBuildConfiguration;
			baseConfigurationReference = 971808CEE34C2023B0C3AB3D /* Pods-EjemploCocoapods.release.xcconfig */;
			buildSettings = {
				ASSETCATALOG_COMPILER_APPICON_NAME = AppIcon;
				COMBINE_HIDPI_IMAGES = YES;
				INFOPLIST_FILE = EjemploCocoapods/Info.plist;
				LD_RUNPATH_SEARCH_PATHS = "$(inherited) @executable_path/../Frameworks";
				PRODUCT_BUNDLE_IDENTIFIER = com.app.felipe.EjemploCocoapods;
				PRODUCT_NAME = "$(TARGET_NAME)";
			};
			name = Release;
		};
/* End XCBuildConfiguration section */

/* Begin XCConfigurationList section */
		FC45F7311E8181BD00B2155B /* Build configuration list for PBXProject "EjemploCocoapods" */ = {
			isa = XCConfigurationList;
			buildConfigurations = (
				FC45F7481E8181BD00B2155B /* Debug */,
				FC45F7491E8181BD00B2155B /* Release */,
			);
			defaultConfigurationIsVisible = 0;
			defaultConfigurationName = Release;
		};
		FC45F74A1E8181BD00B2155B /* Build configuration list for PBXNativeTarget "EjemploCocoapods" */ = {
			isa = XCConfigurationList;
			buildConfigurations = (
				FC45F74B1E8181BD00B2155B /* Debug */,
				FC45F74C1E8181BD00B2155B /* Release */,
			);
			defaultConfigurationIsVisible = 0;
		};
/* End XCConfigurationList section */
	};
	rootObject = FC45F72E1E8181BD00B2155B /* Project object */;
}
