// !$*UTF8*$!
{
	archiveVersion = 1;
	classes = {
	};
	objectVersion = 46;
	objects = {

/* Begin PBXBuildFile section */
		FC4B24D91DD8C5B40087CE08 /* AppDelegate.m in Sources */ = {isa = PBXBuildFile; fileRef = FC4B24D81DD8C5B40087CE08 /* AppDelegate.m */; };
		FC4B24DC1DD8C5B40087CE08 /* main.m in Sources */ = {isa = PBXBuildFile; fileRef = FC4B24DB1DD8C5B40087CE08 /* main.m */; };
		FC4B24DF1DD8C5B40087CE08 /* ViewController.m in Sources */ = {isa = PBXBuildFile; fileRef = FC4B24DE1DD8C5B40087CE08 /* ViewController.m */; };
		FC4B24E11DD8C5B40087CE08 /* Assets.xcassets in Resources */ = {isa = PBXBuildFile; fileRef = FC4B24E01DD8C5B40087CE08 /* Assets.xcassets */; };
		FC4B24E41DD8C5B40087CE08 /* Main.storyboard in Resources */ = {isa = PBXBuildFile; fileRef = FC4B24E21DD8C5B40087CE08 /* Main.storyboard */; };
		FC4B24ED1DD8C6C00087CE08 /* MapKit.framework in Frameworks */ = {isa = PBXBuildFile; fileRef = FC4B24EC1DD8C6C00087CE08 /* MapKit.framework */; };
/* End PBXBuildFile section */

/* Begin PBXFileReference section */
		FC4B24D41DD8C5B40087CE08 /* AppEjercicio11.app */ = {isa = PBXFileReference; explicitFileType = wrapper.application; includeInIndex = 0; path = AppEjercicio11.app; sourceTree = BUILT_PRODUCTS_DIR; };
		FC4B24D71DD8C5B40087CE08 /* AppDelegate.h */ = {isa = PBXFileReference; lastKnownFileType = sourcecode.c.h; path = AppDelegate.h; sourceTree = "<group>"; };
		FC4B24D81DD8C5B40087CE08 /* AppDelegate.m */ = {isa = PBXFileReference; lastKnownFileType = sourcecode.c.objc; path = AppDelegate.m; sourceTree = "<group>"; };
		FC4B24DB1DD8C5B40087CE08 /* main.m */ = {isa = PBXFileReference; lastKnownFileType = sourcecode.c.objc; path = main.m; sourceTree = "<group>"; };
		FC4B24DD1DD8C5B40087CE08 /* ViewController.h */ = {isa = PBXFileReference; lastKnownFileType = sourcecode.c.h; path = ViewController.h; sourceTree = "<group>"; };
		FC4B24DE1DD8C5B40087CE08 /* ViewController.m */ = {isa = PBXFileReference; lastKnownFileType = sourcecode.c.objc; path = ViewController.m; sourceTree = "<group>"; };
		FC4B24E01DD8C5B40087CE08 /* Assets.xcassets */ = {isa = PBXFileReference; lastKnownFileType = folder.assetcatalog; path = Assets.xcassets; sourceTree = "<group>"; };
		FC4B24E31DD8C5B40087CE08 /* Base */ = {isa = PBXFileReference; lastKnownFileType = file.storyboard; name = Base; path = Base.lproj/Main.storyboard; sourceTree = "<group>"; };
		FC4B24E51DD8C5B40087CE08 /* Info.plist */ = {isa = PBXFileReference; lastKnownFileType = text.plist.xml; path = Info.plist; sourceTree = "<group>"; };
		FC4B24EC1DD8C6C00087CE08 /* MapKit.framework */ = {isa = PBXFileReference; lastKnownFileType = wrapper.framework; name = MapKit.framework; path = System/Library/Frameworks/MapKit.framework; sourceTree = SDKROOT; };
/* End PBXFileReference section */

/* Begin PBXFrameworksBuildPhase section */
		FC4B24D11DD8C5B40087CE08 /* Frameworks */ = {
			isa = PBXFrameworksBuildPhase;
			buildActionMask = 2147483647;
			files = (
				FC4B24ED1DD8C6C00087CE08 /* MapKit.framework in Frameworks */,
			);
			runOnlyForDeploymentPostprocessing = 0;
		};
/* End PBXFrameworksBuildPhase section */

/* Begin PBXGroup section */
		FC4B24CB1DD8C5B40087CE08 = {
			isa = PBXGroup;
			children = (
				FC4B24D61DD8C5B40087CE08 /* AppEjercicio11 */,
				FC4B24D51DD8C5B40087CE08 /* Products */,
				FC4B24EB1DD8C6C00087CE08 /* Frameworks */,
			);
			sourceTree = "<group>";
		};
		FC4B24D51DD8C5B40087CE08 /* Products */ = {
			isa = PBXGroup;
			children = (
				FC4B24D41DD8C5B40087CE08 /* AppEjercicio11.app */,
			);
			name = Products;
			sourceTree = "<group>";
		};
		FC4B24D61DD8C5B40087CE08 /* AppEjercicio11 */ = {
			isa = PBXGroup;
			children = (
				FC4B24D71DD8C5B40087CE08 /* AppDelegate.h */,
				FC4B24D81DD8C5B40087CE08 /* AppDelegate.m */,
				FC4B24DD1DD8C5B40087CE08 /* ViewController.h */,
				FC4B24DE1DD8C5B40087CE08 /* ViewController.m */,
				FC4B24E01DD8C5B40087CE08 /* Assets.xcassets */,
				FC4B24E21DD8C5B40087CE08 /* Main.storyboard */,
				FC4B24E51DD8C5B40087CE08 /* Info.plist */,
				FC4B24DA1DD8C5B40087CE08 /* Supporting Files */,
			);
			path = AppEjercicio11;
			sourceTree = "<group>";
		};
		FC4B24DA1DD8C5B40087CE08 /* Supporting Files */ = {
			isa = PBXGroup;
			children = (
				FC4B24DB1DD8C5B40087CE08 /* main.m */,
			);
			name = "Supporting Files";
			sourceTree = "<group>";
		};
		FC4B24EB1DD8C6C00087CE08 /* Frameworks */ = {
			isa = PBXGroup;
			children = (
				FC4B24EC1DD8C6C00087CE08 /* MapKit.framework */,
			);
			name = Frameworks;
			sourceTree = "<group>";
		};
/* End PBXGroup section */

/* Begin PBXNativeTarget section */
		FC4B24D31DD8C5B40087CE08 /* AppEjercicio11 */ = {
			isa = PBXNativeTarget;
			buildConfigurationList = FC4B24E81DD8C5B40087CE08 /* Build configuration list for PBXNativeTarget "AppEjercicio11" */;
			buildPhases = (
				FC4B24D01DD8C5B40087CE08 /* Sources */,
				FC4B24D11DD8C5B40087CE08 /* Frameworks */,
				FC4B24D21DD8C5B40087CE08 /* Resources */,
			);
			buildRules = (
			);
			dependencies = (
			);
			name = AppEjercicio11;
			productName = AppEjercicio11;
			productReference = FC4B24D41DD8C5B40087CE08 /* AppEjercicio11.app */;
			productType = "com.apple.product-type.application";
		};
/* End PBXNativeTarget section */

/* Begin PBXProject section */
		FC4B24CC1DD8C5B40087CE08 /* Project object */ = {
			isa = PBXProject;
			attributes = {
				LastUpgradeCheck = 0800;
				ORGANIZATIONNAME = "Felipe Hernandez";
				TargetAttributes = {
					FC4B24D31DD8C5B40087CE08 = {
						CreatedOnToolsVersion = 8.0;
						ProvisioningStyle = Automatic;
					};
				};
			};
			buildConfigurationList = FC4B24CF1DD8C5B40087CE08 /* Build configuration list for PBXProject "AppEjercicio11" */;
			compatibilityVersion = "Xcode 3.2";
			developmentRegion = English;
			hasScannedForEncodings = 0;
			knownRegions = (
				en,
				Base,
			);
			mainGroup = FC4B24CB1DD8C5B40087CE08;
			productRefGroup = FC4B24D51DD8C5B40087CE08 /* Products */;
			projectDirPath = "";
			projectRoot = "";
			targets = (
				FC4B24D31DD8C5B40087CE08 /* AppEjercicio11 */,
			);
		};
/* End PBXProject section */

/* Begin PBXResourcesBuildPhase section */
		FC4B24D21DD8C5B40087CE08 /* Resources */ = {
			isa = PBXResourcesBuildPhase;
			buildActionMask = 2147483647;
			files = (
				FC4B24E11DD8C5B40087CE08 /* Assets.xcassets in Resources */,
				FC4B24E41DD8C5B40087CE08 /* Main.storyboard in Resources */,
			);
			runOnlyForDeploymentPostprocessing = 0;
		};
/* End PBXResourcesBuildPhase section */

/* Begin PBXSourcesBuildPhase section */
		FC4B24D01DD8C5B40087CE08 /* Sources */ = {
			isa = PBXSourcesBuildPhase;
			buildActionMask = 2147483647;
			files = (
				FC4B24DF1DD8C5B40087CE08 /* ViewController.m in Sources */,
				FC4B24DC1DD8C5B40087CE08 /* main.m in Sources */,
				FC4B24D91DD8C5B40087CE08 /* AppDelegate.m in Sources */,
			);
			runOnlyForDeploymentPostprocessing = 0;
		};
/* End PBXSourcesBuildPhase section */

/* Begin PBXVariantGroup section */
		FC4B24E21DD8C5B40087CE08 /* Main.storyboard */ = {
			isa = PBXVariantGroup;
			children = (
				FC4B24E31DD8C5B40087CE08 /* Base */,
			);
			name = Main.storyboard;
			sourceTree = "<group>";
		};
/* End PBXVariantGroup section */

/* Begin XCBuildConfiguration section */
		FC4B24E61DD8C5B40087CE08 /* Debug */ = {
			isa = XCBuildConfiguration;
			buildSettings = {
				ALWAYS_SEARCH_USER_PATHS = NO;
				CLANG_ANALYZER_NONNULL = YES;
				CLANG_CXX_LANGUAGE_STANDARD = "gnu++0x";
				CLANG_CXX_LIBRARY = "libc++";
				CLANG_ENABLE_MODULES = YES;
				CLANG_ENABLE_OBJC_ARC = YES;
				CLANG_WARN_BOOL_CONVERSION = YES;
				CLANG_WARN_CONSTANT_CONVERSION = YES;
				CLANG_WARN_DIRECT_OBJC_ISA_USAGE = YES_ERROR;
				CLANG_WARN_DOCUMENTATION_COMMENTS = YES;
				CLANG_WARN_EMPTY_BODY = YES;
				CLANG_WARN_ENUM_CONVERSION = YES;
				CLANG_WARN_INFINITE_RECURSION = YES;
				CLANG_WARN_INT_CONVERSION = YES;
				CLANG_WARN_OBJC_ROOT_CLASS = YES_ERROR;
				CLANG_WARN_SUSPICIOUS_MOVES = YES;
				CLANG_WARN_UNREACHABLE_CODE = YES;
				CLANG_WARN__DUPLICATE_METHOD_MATCH = YES;
				CODE_SIGN_IDENTITY = "-";
				COPY_PHASE_STRIP = NO;
				DEBUG_INFORMATION_FORMAT = dwarf;
				ENABLE_STRICT_OBJC_MSGSEND = YES;
				ENABLE_TESTABILITY = YES;
				GCC_C_LANGUAGE_STANDARD = gnu99;
				GCC_DYNAMIC_NO_PIC = NO;
				GCC_NO_COMMON_BLOCKS = YES;
				GCC_OPTIMIZATION_LEVEL = 0;
				GCC_PREPROCESSOR_DEFINITIONS = (
					"DEBUG=1",
					"$(inherited)",
				);
				GCC_WARN_64_TO_32_BIT_CONVERSION = YES;
				GCC_WARN_ABOUT_RETURN_TYPE = YES_ERROR;
				GCC_WARN_UNDECLARED_SELECTOR = YES;
				GCC_WARN_UNINITIALIZED_AUTOS = YES_AGGRESSIVE;
				GCC_WARN_UNUSED_FUNCTION = YES;
				GCC_WARN_UNUSED_VARIABLE = YES;
				MACOSX_DEPLOYMENT_TARGET = 10.12;
				MTL_ENABLE_DEBUG_INFO = YES;
				ONLY_ACTIVE_ARCH = YES;
				SDKROOT = macosx;
			};
			name = Debug;
		};
		FC4B24E71DD8C5B40087CE08 /* Release */ = {
			isa = XCBuildConfiguration;
			buildSettings = {
				ALWAYS_SEARCH_USER_PATHS = NO;
				CLANG_ANALYZER_NONNULL = YES;
				CLANG_CXX_LANGUAGE_STANDARD = "gnu++0x";
				CLANG_CXX_LIBRARY = "libc++";
				CLANG_ENABLE_MODULES = YES;
				CLANG_ENABLE_OBJC_ARC = YES;
				CLANG_WARN_BOOL_CONVERSION = YES;
				CLANG_WARN_CONSTANT_CONVERSION = YES;
				CLANG_WARN_DIRECT_OBJC_ISA_USAGE = YES_ERROR;
				CLANG_WARN_DOCUMENTATION_COMMENTS = YES;
				CLANG_WARN_EMPTY_BODY = YES;
				CLANG_WARN_ENUM_CONVERSION = YES;
				CLANG_WARN_INFINITE_RECURSION = YES;
				CLANG_WARN_INT_CONVERSION = YES;
				CLANG_WARN_OBJC_ROOT_CLASS = YES_ERROR;
				CLANG_WARN_SUSPICIOUS_MOVES = YES;
				CLANG_WARN_UNREACHABLE_CODE = YES;
				CLANG_WARN__DUPLICATE_METHOD_MATCH = YES;
				CODE_SIGN_IDENTITY = "-";
				COPY_PHASE_STRIP = NO;
				DEBUG_INFORMATION_FORMAT = "dwarf-with-dsym";
				ENABLE_NS_ASSERTIONS = NO;
				ENABLE_STRICT_OBJC_MSGSEND = YES;
				GCC_C_LANGUAGE_STANDARD = gnu99;
				GCC_NO_COMMON_BLOCKS = YES;
				GCC_WARN_64_TO_32_BIT_CONVERSION = YES;
				GCC_WARN_ABOUT_RETURN_TYPE = YES_ERROR;
				GCC_WARN_UNDECLARED_SELECTOR = YES;
				GCC_WARN_UNINITIALIZED_AUTOS = YES_AGGRESSIVE;
				GCC_WARN_UNUSED_FUNCTION = YES;
				GCC_WARN_UNUSED_VARIABLE = YES;
				MACOSX_DEPLOYMENT_TARGET = 10.12;
				MTL_ENABLE_DEBUG_INFO = NO;
				SDKROOT = macosx;
			};
			name = Release;
		};
		FC4B24E91DD8C5B40087CE08 /* Debug */ = {
			isa = XCBuildConfiguration;
			buildSettings = {
				ASSETCATALOG_COMPILER_APPICON_NAME = AppIcon;
				COMBINE_HIDPI_IMAGES = YES;
				INFOPLIST_FILE = AppEjercicio11/Info.plist;
				LD_RUNPATH_SEARCH_PATHS = "$(inherited) @executable_path/../Frameworks";
				PRODUCT_BUNDLE_IDENTIFIER = com.app.AppEjercicio11;
				PRODUCT_NAME = "$(TARGET_NAME)";
			};
			name = Debug;
		};
		FC4B24EA1DD8C5B40087CE08 /* Release */ = {
			isa = XCBuildConfiguration;
			buildSettings = {
				ASSETCATALOG_COMPILER_APPICON_NAME = AppIcon;
				COMBINE_HIDPI_IMAGES = YES;
				INFOPLIST_FILE = AppEjercicio11/Info.plist;
				LD_RUNPATH_SEARCH_PATHS = "$(inherited) @executable_path/../Frameworks";
				PRODUCT_BUNDLE_IDENTIFIER = com.app.AppEjercicio11;
				PRODUCT_NAME = "$(TARGET_NAME)";
			};
			name = Release;
		};
/* End XCBuildConfiguration section */

/* Begin XCConfigurationList section */
		FC4B24CF1DD8C5B40087CE08 /* Build configuration list for PBXProject "AppEjercicio11" */ = {
			isa = XCConfigurationList;
			buildConfigurations = (
				FC4B24E61DD8C5B40087CE08 /* Debug */,
				FC4B24E71DD8C5B40087CE08 /* Release */,
			);
			defaultConfigurationIsVisible = 0;
			defaultConfigurationName = Release;
		};
		FC4B24E81DD8C5B40087CE08 /* Build configuration list for PBXNativeTarget "AppEjercicio11" */ = {
			isa = XCConfigurationList;
			buildConfigurations = (
				FC4B24E91DD8C5B40087CE08 /* Debug */,
				FC4B24EA1DD8C5B40087CE08 /* Release */,
			);
			defaultConfigurationIsVisible = 0;
		};
/* End XCConfigurationList section */
	};
	rootObject = FC4B24CC1DD8C5B40087CE08 /* Project object */;
}
