// !$*UTF8*$!
{
	archiveVersion = 1;
	classes = {
	};
	objectVersion = 46;
	objects = {

/* Begin PBXBuildFile section */
		13D67BE69FB6261AAFCBC7F2 /* libPods-WebService3.a in Frameworks */ = {isa = PBXBuildFile; fileRef = 9DCCF60BD0566916D85219B5 /* libPods-WebService3.a */; };
		FC2C78E81E9FCFE700E54AAB /* AppDelegate.m in Sources */ = {isa = PBXBuildFile; fileRef = FC2C78E71E9FCFE700E54AAB /* AppDelegate.m */; };
		FC2C78EB1E9FCFE700E54AAB /* main.m in Sources */ = {isa = PBXBuildFile; fileRef = FC2C78EA1E9FCFE700E54AAB /* main.m */; };
		FC2C78EE1E9FCFE700E54AAB /* ViewController.m in Sources */ = {isa = PBXBuildFile; fileRef = FC2C78ED1E9FCFE700E54AAB /* ViewController.m */; };
		FC2C78F01E9FCFE700E54AAB /* Assets.xcassets in Resources */ = {isa = PBXBuildFile; fileRef = FC2C78EF1E9FCFE700E54AAB /* Assets.xcassets */; };
		FC2C78F31E9FCFE700E54AAB /* Main.storyboard in Resources */ = {isa = PBXBuildFile; fileRef = FC2C78F11E9FCFE700E54AAB /* Main.storyboard */; };
/* End PBXBuildFile section */

/* Begin PBXFileReference section */
		2A1402EAA6CF31054F1CD886 /* Pods-WebService3.debug.xcconfig */ = {isa = PBXFileReference; includeInIndex = 1; lastKnownFileType = text.xcconfig; name = "Pods-WebService3.debug.xcconfig"; path = "Pods/Target Support Files/Pods-WebService3/Pods-WebService3.debug.xcconfig"; sourceTree = "<group>"; };
		7B6E13DEE2CFE9FEEA2D2259 /* Pods-WebService3.release.xcconfig */ = {isa = PBXFileReference; includeInIndex = 1; lastKnownFileType = text.xcconfig; name = "Pods-WebService3.release.xcconfig"; path = "Pods/Target Support Files/Pods-WebService3/Pods-WebService3.release.xcconfig"; sourceTree = "<group>"; };
		9DCCF60BD0566916D85219B5 /* libPods-WebService3.a */ = {isa = PBXFileReference; explicitFileType = archive.ar; includeInIndex = 0; path = "libPods-WebService3.a"; sourceTree = BUILT_PRODUCTS_DIR; };
		FC2C78E31E9FCFE700E54AAB /* WebService3.app */ = {isa = PBXFileReference; explicitFileType = wrapper.application; includeInIndex = 0; path = WebService3.app; sourceTree = BUILT_PRODUCTS_DIR; };
		FC2C78E61E9FCFE700E54AAB /* AppDelegate.h */ = {isa = PBXFileReference; lastKnownFileType = sourcecode.c.h; path = AppDelegate.h; sourceTree = "<group>"; };
		FC2C78E71E9FCFE700E54AAB /* AppDelegate.m */ = {isa = PBXFileReference; lastKnownFileType = sourcecode.c.objc; path = AppDelegate.m; sourceTree = "<group>"; };
		FC2C78EA1E9FCFE700E54AAB /* main.m */ = {isa = PBXFileReference; lastKnownFileType = sourcecode.c.objc; path = main.m; sourceTree = "<group>"; };
		FC2C78EC1E9FCFE700E54AAB /* ViewController.h */ = {isa = PBXFileReference; lastKnownFileType = sourcecode.c.h; path = ViewController.h; sourceTree = "<group>"; };
		FC2C78ED1E9FCFE700E54AAB /* ViewController.m */ = {isa = PBXFileReference; lastKnownFileType = sourcecode.c.objc; path = ViewController.m; sourceTree = "<group>"; };
		FC2C78EF1E9FCFE700E54AAB /* Assets.xcassets */ = {isa = PBXFileReference; lastKnownFileType = folder.assetcatalog; path = Assets.xcassets; sourceTree = "<group>"; };
		FC2C78F21E9FCFE700E54AAB /* Base */ = {isa = PBXFileReference; lastKnownFileType = file.storyboard; name = Base; path = Base.lproj/Main.storyboard; sourceTree = "<group>"; };
		FC2C78F41E9FCFE700E54AAB /* Info.plist */ = {isa = PBXFileReference; lastKnownFileType = text.plist.xml; path = Info.plist; sourceTree = "<group>"; };
/* End PBXFileReference section */

/* Begin PBXFrameworksBuildPhase section */
		FC2C78E01E9FCFE700E54AAB /* Frameworks */ = {
			isa = PBXFrameworksBuildPhase;
			buildActionMask = 2147483647;
			files = (
				13D67BE69FB6261AAFCBC7F2 /* libPods-WebService3.a in Frameworks */,
			);
			runOnlyForDeploymentPostprocessing = 0;
		};
/* End PBXFrameworksBuildPhase section */

/* Begin PBXGroup section */
		0A5EC834B004284CB4440AF1 /* Frameworks */ = {
			isa = PBXGroup;
			children = (
				9DCCF60BD0566916D85219B5 /* libPods-WebService3.a */,
			);
			name = Frameworks;
			sourceTree = "<group>";
		};
		84C87CE4C3D9F98D72BCAB5B /* Pods */ = {
			isa = PBXGroup;
			children = (
				2A1402EAA6CF31054F1CD886 /* Pods-WebService3.debug.xcconfig */,
				7B6E13DEE2CFE9FEEA2D2259 /* Pods-WebService3.release.xcconfig */,
			);
			name = Pods;
			sourceTree = "<group>";
		};
		FC2C78DA1E9FCFE700E54AAB = {
			isa = PBXGroup;
			children = (
				FC2C78E51E9FCFE700E54AAB /* WebService3 */,
				FC2C78E41E9FCFE700E54AAB /* Products */,
				84C87CE4C3D9F98D72BCAB5B /* Pods */,
				0A5EC834B004284CB4440AF1 /* Frameworks */,
			);
			sourceTree = "<group>";
		};
		FC2C78E41E9FCFE700E54AAB /* Products */ = {
			isa = PBXGroup;
			children = (
				FC2C78E31E9FCFE700E54AAB /* WebService3.app */,
			);
			name = Products;
			sourceTree = "<group>";
		};
		FC2C78E51E9FCFE700E54AAB /* WebService3 */ = {
			isa = PBXGroup;
			children = (
				FC2C78E61E9FCFE700E54AAB /* AppDelegate.h */,
				FC2C78E71E9FCFE700E54AAB /* AppDelegate.m */,
				FC2C78EC1E9FCFE700E54AAB /* ViewController.h */,
				FC2C78ED1E9FCFE700E54AAB /* ViewController.m */,
				FC2C78EF1E9FCFE700E54AAB /* Assets.xcassets */,
				FC2C78F11E9FCFE700E54AAB /* Main.storyboard */,
				FC2C78F41E9FCFE700E54AAB /* Info.plist */,
				FC2C78E91E9FCFE700E54AAB /* Supporting Files */,
			);
			path = WebService3;
			sourceTree = "<group>";
		};
		FC2C78E91E9FCFE700E54AAB /* Supporting Files */ = {
			isa = PBXGroup;
			children = (
				FC2C78EA1E9FCFE700E54AAB /* main.m */,
			);
			name = "Supporting Files";
			sourceTree = "<group>";
		};
/* End PBXGroup section */

/* Begin PBXNativeTarget section */
		FC2C78E21E9FCFE700E54AAB /* WebService3 */ = {
			isa = PBXNativeTarget;
			buildConfigurationList = FC2C78F71E9FCFE700E54AAB /* Build configuration list for PBXNativeTarget "WebService3" */;
			buildPhases = (
				3BE54E9D9D698C4AD0D8FBA8 /* [CP] Check Pods Manifest.lock */,
				FC2C78DF1E9FCFE700E54AAB /* Sources */,
				FC2C78E01E9FCFE700E54AAB /* Frameworks */,
				FC2C78E11E9FCFE700E54AAB /* Resources */,
				0FCCCE11C92B488F34D3B6B0 /* [CP] Embed Pods Frameworks */,
				04FDF092ED639FAE0D333CCF /* [CP] Copy Pods Resources */,
			);
			buildRules = (
			);
			dependencies = (
			);
			name = WebService3;
			productName = WebService3;
			productReference = FC2C78E31E9FCFE700E54AAB /* WebService3.app */;
			productType = "com.apple.product-type.application";
		};
/* End PBXNativeTarget section */

/* Begin PBXProject section */
		FC2C78DB1E9FCFE700E54AAB /* Project object */ = {
			isa = PBXProject;
			attributes = {
				LastUpgradeCheck = 0830;
				ORGANIZATIONNAME = "Felipe Hernandez";
				TargetAttributes = {
					FC2C78E21E9FCFE700E54AAB = {
						CreatedOnToolsVersion = 8.3.1;
						ProvisioningStyle = Automatic;
					};
				};
			};
			buildConfigurationList = FC2C78DE1E9FCFE700E54AAB /* Build configuration list for PBXProject "WebService3" */;
			compatibilityVersion = "Xcode 3.2";
			developmentRegion = English;
			hasScannedForEncodings = 0;
			knownRegions = (
				en,
				Base,
			);
			mainGroup = FC2C78DA1E9FCFE700E54AAB;
			productRefGroup = FC2C78E41E9FCFE700E54AAB /* Products */;
			projectDirPath = "";
			projectRoot = "";
			targets = (
				FC2C78E21E9FCFE700E54AAB /* WebService3 */,
			);
		};
/* End PBXProject section */

/* Begin PBXResourcesBuildPhase section */
		FC2C78E11E9FCFE700E54AAB /* Resources */ = {
			isa = PBXResourcesBuildPhase;
			buildActionMask = 2147483647;
			files = (
				FC2C78F01E9FCFE700E54AAB /* Assets.xcassets in Resources */,
				FC2C78F31E9FCFE700E54AAB /* Main.storyboard in Resources */,
			);
			runOnlyForDeploymentPostprocessing = 0;
		};
/* End PBXResourcesBuildPhase section */

/* Begin PBXShellScriptBuildPhase section */
		04FDF092ED639FAE0D333CCF /* [CP] Copy Pods Resources */ = {
			isa = PBXShellScriptBuildPhase;
			buildActionMask = 2147483647;
			files = (
			);
			inputPaths = (
			);
			name = "[CP] Copy Pods Resources";
			outputPaths = (
			);
			runOnlyForDeploymentPostprocessing = 0;
			shellPath = /bin/sh;
			shellScript = "\"${SRCROOT}/Pods/Target Support Files/Pods-WebService3/Pods-WebService3-resources.sh\"\n";
			showEnvVarsInLog = 0;
		};
		0FCCCE11C92B488F34D3B6B0 /* [CP] Embed Pods Frameworks */ = {
			isa = PBXShellScriptBuildPhase;
			buildActionMask = 2147483647;
			files = (
			);
			inputPaths = (
			);
			name = "[CP] Embed Pods Frameworks";
			outputPaths = (
			);
			runOnlyForDeploymentPostprocessing = 0;
			shellPath = /bin/sh;
			shellScript = "\"${SRCROOT}/Pods/Target Support Files/Pods-WebService3/Pods-WebService3-frameworks.sh\"\n";
			showEnvVarsInLog = 0;
		};
		3BE54E9D9D698C4AD0D8FBA8 /* [CP] Check Pods Manifest.lock */ = {
			isa = PBXShellScriptBuildPhase;
			buildActionMask = 2147483647;
			files = (
			);
			inputPaths = (
			);
			name = "[CP] Check Pods Manifest.lock";
			outputPaths = (
			);
			runOnlyForDeploymentPostprocessing = 0;
			shellPath = /bin/sh;
			shellScript = "diff \"${PODS_ROOT}/../Podfile.lock\" \"${PODS_ROOT}/Manifest.lock\" > /dev/null\nif [ $? != 0 ] ; then\n    # print error to STDERR\n    echo \"error: The sandbox is not in sync with the Podfile.lock. Run 'pod install' or update your CocoaPods installation.\" >&2\n    exit 1\nfi\n";
			showEnvVarsInLog = 0;
		};
/* End PBXShellScriptBuildPhase section */

/* Begin PBXSourcesBuildPhase section */
		FC2C78DF1E9FCFE700E54AAB /* Sources */ = {
			isa = PBXSourcesBuildPhase;
			buildActionMask = 2147483647;
			files = (
				FC2C78EE1E9FCFE700E54AAB /* ViewController.m in Sources */,
				FC2C78EB1E9FCFE700E54AAB /* main.m in Sources */,
				FC2C78E81E9FCFE700E54AAB /* AppDelegate.m in Sources */,
			);
			runOnlyForDeploymentPostprocessing = 0;
		};
/* End PBXSourcesBuildPhase section */

/* Begin PBXVariantGroup section */
		FC2C78F11E9FCFE700E54AAB /* Main.storyboard */ = {
			isa = PBXVariantGroup;
			children = (
				FC2C78F21E9FCFE700E54AAB /* Base */,
			);
			name = Main.storyboard;
			sourceTree = "<group>";
		};
/* End PBXVariantGroup section */

/* Begin XCBuildConfiguration section */
		FC2C78F51E9FCFE700E54AAB /* Debug */ = {
			isa = XCBuildConfiguration;
			buildSettings = {
				ALWAYS_SEARCH_USER_PATHS = NO;
				CLANG_ANALYZER_NONNULL = YES;
				CLANG_ANALYZER_NUMBER_OBJECT_CONVERSION = YES_AGGRESSIVE;
				CLANG_CXX_LANGUAGE_STANDARD = "gnu++0x";
				CLANG_CXX_LIBRARY = "libc++";
				CLANG_ENABLE_MODULES = YES;
				CLANG_ENABLE_OBJC_ARC = YES;
				CLANG_WARN_BOOL_CONVERSION = YES;
				CLANG_WARN_CONSTANT_CONVERSION = YES;
				CLANG_WARN_DIRECT_OBJC_ISA_USAGE = YES_ERROR;
				CLANG_WARN_DOCUMENTATION_COMMENTS = YES;
				CLANG_WARN_EMPTY_BODY = YES;
				CLANG_WARN_ENUM_CONVERSION = YES;
				CLANG_WARN_INFINITE_RECURSION = YES;
				CLANG_WARN_INT_CONVERSION = YES;
				CLANG_WARN_OBJC_ROOT_CLASS = YES_ERROR;
				CLANG_WARN_SUSPICIOUS_MOVE = YES;
				CLANG_WARN_UNREACHABLE_CODE = YES;
				CLANG_WARN__DUPLICATE_METHOD_MATCH = YES;
				CODE_SIGN_IDENTITY = "-";
				COPY_PHASE_STRIP = NO;
				DEBUG_INFORMATION_FORMAT = dwarf;
				ENABLE_STRICT_OBJC_MSGSEND = YES;
				ENABLE_TESTABILITY = YES;
				GCC_C_LANGUAGE_STANDARD = gnu99;
				GCC_DYNAMIC_NO_PIC = NO;
				GCC_NO_COMMON_BLOCKS = YES;
				GCC_OPTIMIZATION_LEVEL = 0;
				GCC_PREPROCESSOR_DEFINITIONS = (
					"DEBUG=1",
					"$(inherited)",
				);
				GCC_WARN_64_TO_32_BIT_CONVERSION = YES;
				GCC_WARN_ABOUT_RETURN_TYPE = YES_ERROR;
				GCC_WARN_UNDECLARED_SELECTOR = YES;
				GCC_WARN_UNINITIALIZED_AUTOS = YES_AGGRESSIVE;
				GCC_WARN_UNUSED_FUNCTION = YES;
				GCC_WARN_UNUSED_VARIABLE = YES;
				MACOSX_DEPLOYMENT_TARGET = 10.12;
				MTL_ENABLE_DEBUG_INFO = YES;
				ONLY_ACTIVE_ARCH = YES;
				SDKROOT = macosx;
			};
			name = Debug;
		};
		FC2C78F61E9FCFE700E54AAB /* Release */ = {
			isa = XCBuildConfiguration;
			buildSettings = {
				ALWAYS_SEARCH_USER_PATHS = NO;
				CLANG_ANALYZER_NONNULL = YES;
				CLANG_ANALYZER_NUMBER_OBJECT_CONVERSION = YES_AGGRESSIVE;
				CLANG_CXX_LANGUAGE_STANDARD = "gnu++0x";
				CLANG_CXX_LIBRARY = "libc++";
				CLANG_ENABLE_MODULES = YES;
				CLANG_ENABLE_OBJC_ARC = YES;
				CLANG_WARN_BOOL_CONVERSION = YES;
				CLANG_WARN_CONSTANT_CONVERSION = YES;
				CLANG_WARN_DIRECT_OBJC_ISA_USAGE = YES_ERROR;
				CLANG_WARN_DOCUMENTATION_COMMENTS = YES;
				CLANG_WARN_EMPTY_BODY = YES;
				CLANG_WARN_ENUM_CONVERSION = YES;
				CLANG_WARN_INFINITE_RECURSION = YES;
				CLANG_WARN_INT_CONVERSION = YES;
				CLANG_WARN_OBJC_ROOT_CLASS = YES_ERROR;
				CLANG_WARN_SUSPICIOUS_MOVE = YES;
				CLANG_WARN_UNREACHABLE_CODE = YES;
				CLANG_WARN__DUPLICATE_METHOD_MATCH = YES;
				CODE_SIGN_IDENTITY = "-";
				COPY_PHASE_STRIP = NO;
				DEBUG_INFORMATION_FORMAT = "dwarf-with-dsym";
				ENABLE_NS_ASSERTIONS = NO;
				ENABLE_STRICT_OBJC_MSGSEND = YES;
				GCC_C_LANGUAGE_STANDARD = gnu99;
				GCC_NO_COMMON_BLOCKS = YES;
				GCC_WARN_64_TO_32_BIT_CONVERSION = YES;
				GCC_WARN_ABOUT_RETURN_TYPE = YES_ERROR;
				GCC_WARN_UNDECLARED_SELECTOR = YES;
				GCC_WARN_UNINITIALIZED_AUTOS = YES_AGGRESSIVE;
				GCC_WARN_UNUSED_FUNCTION = YES;
				GCC_WARN_UNUSED_VARIABLE = YES;
				MACOSX_DEPLOYMENT_TARGET = 10.12;
				MTL_ENABLE_DEBUG_INFO = NO;
				SDKROOT = macosx;
			};
			name = Release;
		};
		FC2C78F81E9FCFE700E54AAB /* Debug */ = {
			isa = XCBuildConfiguration;
			baseConfigurationReference = 2A1402EAA6CF31054F1CD886 /* Pods-WebService3.debug.xcconfig */;
			buildSettings = {
				ASSETCATALOG_COMPILER_APPICON_NAME = AppIcon;
				COMBINE_HIDPI_IMAGES = YES;
				INFOPLIST_FILE = WebService3/Info.plist;
				LD_RUNPATH_SEARCH_PATHS = "$(inherited) @executable_path/../Frameworks";
				PRODUCT_BUNDLE_IDENTIFIER = com.app.felipe.WebService3;
				PRODUCT_NAME = "$(TARGET_NAME)";
			};
			name = Debug;
		};
		FC2C78F91E9FCFE700E54AAB /* Release */ = {
			isa = XCBuildConfiguration;
			baseConfigurationReference = 7B6E13DEE2CFE9FEEA2D2259 /* Pods-WebService3.release.xcconfig */;
			buildSettings = {
				ASSETCATALOG_COMPILER_APPICON_NAME = AppIcon;
				COMBINE_HIDPI_IMAGES = YES;
				INFOPLIST_FILE = WebService3/Info.plist;
				LD_RUNPATH_SEARCH_PATHS = "$(inherited) @executable_path/../Frameworks";
				PRODUCT_BUNDLE_IDENTIFIER = com.app.felipe.WebService3;
				PRODUCT_NAME = "$(TARGET_NAME)";
			};
			name = Release;
		};
/* End XCBuildConfiguration section */

/* Begin XCConfigurationList section */
		FC2C78DE1E9FCFE700E54AAB /* Build configuration list for PBXProject "WebService3" */ = {
			isa = XCConfigurationList;
			buildConfigurations = (
				FC2C78F51E9FCFE700E54AAB /* Debug */,
				FC2C78F61E9FCFE700E54AAB /* Release */,
			);
			defaultConfigurationIsVisible = 0;
			defaultConfigurationName = Release;
		};
		FC2C78F71E9FCFE700E54AAB /* Build configuration list for PBXNativeTarget "WebService3" */ = {
			isa = XCConfigurationList;
			buildConfigurations = (
				FC2C78F81E9FCFE700E54AAB /* Debug */,
				FC2C78F91E9FCFE700E54AAB /* Release */,
			);
			defaultConfigurationIsVisible = 0;
		};
/* End XCConfigurationList section */
	};
	rootObject = FC2C78DB1E9FCFE700E54AAB /* Project object */;
}
