// !$*UTF8*$!
{
	archiveVersion = 1;
	classes = {
	};
	objectVersion = 46;
	objects = {

/* Begin PBXBuildFile section */
		45B3C073887AE5E131570465 /* libPods-AFNetWorkingParte1.a in Frameworks */ = {isa = PBXBuildFile; fileRef = DD653D735D9A6F68C2302F46 /* libPods-AFNetWorkingParte1.a */; };
		FC2C79081E9FDC6700E54AAB /* AppDelegate.m in Sources */ = {isa = PBXBuildFile; fileRef = FC2C79071E9FDC6700E54AAB /* AppDelegate.m */; };
		FC2C790B1E9FDC6700E54AAB /* main.m in Sources */ = {isa = PBXBuildFile; fileRef = FC2C790A1E9FDC6700E54AAB /* main.m */; };
		FC2C790E1E9FDC6700E54AAB /* ViewController.m in Sources */ = {isa = PBXBuildFile; fileRef = FC2C790D1E9FDC6700E54AAB /* ViewController.m */; };
		FC2C79101E9FDC6700E54AAB /* Assets.xcassets in Resources */ = {isa = PBXBuildFile; fileRef = FC2C790F1E9FDC6700E54AAB /* Assets.xcassets */; };
		FC2C79131E9FDC6700E54AAB /* Main.storyboard in Resources */ = {isa = PBXBuildFile; fileRef = FC2C79111E9FDC6700E54AAB /* Main.storyboard */; };
		FCBBF9D61E9FDCE900A64F51 /* MapKit.framework in Frameworks */ = {isa = PBXBuildFile; fileRef = FCBBF9D51E9FDCE900A64F51 /* MapKit.framework */; };
/* End PBXBuildFile section */

/* Begin PBXFileReference section */
		141FE182FE254189E395EE4A /* Pods-AFNetWorkingParte1.release.xcconfig */ = {isa = PBXFileReference; includeInIndex = 1; lastKnownFileType = text.xcconfig; name = "Pods-AFNetWorkingParte1.release.xcconfig"; path = "Pods/Target Support Files/Pods-AFNetWorkingParte1/Pods-AFNetWorkingParte1.release.xcconfig"; sourceTree = "<group>"; };
		2400E2515E379B5986503B1B /* Pods-AFNetWorkingParte1.debug.xcconfig */ = {isa = PBXFileReference; includeInIndex = 1; lastKnownFileType = text.xcconfig; name = "Pods-AFNetWorkingParte1.debug.xcconfig"; path = "Pods/Target Support Files/Pods-AFNetWorkingParte1/Pods-AFNetWorkingParte1.debug.xcconfig"; sourceTree = "<group>"; };
		DD653D735D9A6F68C2302F46 /* libPods-AFNetWorkingParte1.a */ = {isa = PBXFileReference; explicitFileType = archive.ar; includeInIndex = 0; path = "libPods-AFNetWorkingParte1.a"; sourceTree = BUILT_PRODUCTS_DIR; };
		FC2C79031E9FDC6700E54AAB /* AFNetWorkingParte1.app */ = {isa = PBXFileReference; explicitFileType = wrapper.application; includeInIndex = 0; path = AFNetWorkingParte1.app; sourceTree = BUILT_PRODUCTS_DIR; };
		FC2C79061E9FDC6700E54AAB /* AppDelegate.h */ = {isa = PBXFileReference; lastKnownFileType = sourcecode.c.h; path = AppDelegate.h; sourceTree = "<group>"; };
		FC2C79071E9FDC6700E54AAB /* AppDelegate.m */ = {isa = PBXFileReference; lastKnownFileType = sourcecode.c.objc; path = AppDelegate.m; sourceTree = "<group>"; };
		FC2C790A1E9FDC6700E54AAB /* main.m */ = {isa = PBXFileReference; lastKnownFileType = sourcecode.c.objc; path = main.m; sourceTree = "<group>"; };
		FC2C790C1E9FDC6700E54AAB /* ViewController.h */ = {isa = PBXFileReference; lastKnownFileType = sourcecode.c.h; path = ViewController.h; sourceTree = "<group>"; };
		FC2C790D1E9FDC6700E54AAB /* ViewController.m */ = {isa = PBXFileReference; lastKnownFileType = sourcecode.c.objc; path = ViewController.m; sourceTree = "<group>"; };
		FC2C790F1E9FDC6700E54AAB /* Assets.xcassets */ = {isa = PBXFileReference; lastKnownFileType = folder.assetcatalog; path = Assets.xcassets; sourceTree = "<group>"; };
		FC2C79121E9FDC6700E54AAB /* Base */ = {isa = PBXFileReference; lastKnownFileType = file.storyboard; name = Base; path = Base.lproj/Main.storyboard; sourceTree = "<group>"; };
		FC2C79141E9FDC6700E54AAB /* Info.plist */ = {isa = PBXFileReference; lastKnownFileType = text.plist.xml; path = Info.plist; sourceTree = "<group>"; };
		FCBBF9D51E9FDCE900A64F51 /* MapKit.framework */ = {isa = PBXFileReference; lastKnownFileType = wrapper.framework; name = MapKit.framework; path = System/Library/Frameworks/MapKit.framework; sourceTree = SDKROOT; };
/* End PBXFileReference section */

/* Begin PBXFrameworksBuildPhase section */
		FC2C79001E9FDC6700E54AAB /* Frameworks */ = {
			isa = PBXFrameworksBuildPhase;
			buildActionMask = 2147483647;
			files = (
				FCBBF9D61E9FDCE900A64F51 /* MapKit.framework in Frameworks */,
				45B3C073887AE5E131570465 /* libPods-AFNetWorkingParte1.a in Frameworks */,
			);
			runOnlyForDeploymentPostprocessing = 0;
		};
/* End PBXFrameworksBuildPhase section */

/* Begin PBXGroup section */
		37D74219E4100F4C6C877ACB /* Frameworks */ = {
			isa = PBXGroup;
			children = (
				FCBBF9D51E9FDCE900A64F51 /* MapKit.framework */,
				DD653D735D9A6F68C2302F46 /* libPods-AFNetWorkingParte1.a */,
			);
			name = Frameworks;
			sourceTree = "<group>";
		};
		C6970DB21EDC145DCF2C241B /* Pods */ = {
			isa = PBXGroup;
			children = (
				2400E2515E379B5986503B1B /* Pods-AFNetWorkingParte1.debug.xcconfig */,
				141FE182FE254189E395EE4A /* Pods-AFNetWorkingParte1.release.xcconfig */,
			);
			name = Pods;
			sourceTree = "<group>";
		};
		FC2C78FA1E9FDC6700E54AAB = {
			isa = PBXGroup;
			children = (
				FC2C79051E9FDC6700E54AAB /* AFNetWorkingParte1 */,
				FC2C79041E9FDC6700E54AAB /* Products */,
				C6970DB21EDC145DCF2C241B /* Pods */,
				37D74219E4100F4C6C877ACB /* Frameworks */,
			);
			sourceTree = "<group>";
		};
		FC2C79041E9FDC6700E54AAB /* Products */ = {
			isa = PBXGroup;
			children = (
				FC2C79031E9FDC6700E54AAB /* AFNetWorkingParte1.app */,
			);
			name = Products;
			sourceTree = "<group>";
		};
		FC2C79051E9FDC6700E54AAB /* AFNetWorkingParte1 */ = {
			isa = PBXGroup;
			children = (
				FC2C79061E9FDC6700E54AAB /* AppDelegate.h */,
				FC2C79071E9FDC6700E54AAB /* AppDelegate.m */,
				FC2C790C1E9FDC6700E54AAB /* ViewController.h */,
				FC2C790D1E9FDC6700E54AAB /* ViewController.m */,
				FC2C790F1E9FDC6700E54AAB /* Assets.xcassets */,
				FC2C79111E9FDC6700E54AAB /* Main.storyboard */,
				FC2C79141E9FDC6700E54AAB /* Info.plist */,
				FC2C79091E9FDC6700E54AAB /* Supporting Files */,
			);
			path = AFNetWorkingParte1;
			sourceTree = "<group>";
		};
		FC2C79091E9FDC6700E54AAB /* Supporting Files */ = {
			isa = PBXGroup;
			children = (
				FC2C790A1E9FDC6700E54AAB /* main.m */,
			);
			name = "Supporting Files";
			sourceTree = "<group>";
		};
/* End PBXGroup section */

/* Begin PBXNativeTarget section */
		FC2C79021E9FDC6700E54AAB /* AFNetWorkingParte1 */ = {
			isa = PBXNativeTarget;
			buildConfigurationList = FC2C79171E9FDC6700E54AAB /* Build configuration list for PBXNativeTarget "AFNetWorkingParte1" */;
			buildPhases = (
				19A660655A80E6640C89B80A /* [CP] Check Pods Manifest.lock */,
				FC2C78FF1E9FDC6700E54AAB /* Sources */,
				FC2C79001E9FDC6700E54AAB /* Frameworks */,
				FC2C79011E9FDC6700E54AAB /* Resources */,
				50FC551627ECFE5B33160771 /* [CP] Embed Pods Frameworks */,
				ACCAE2F04A7FED8069D3B05D /* [CP] Copy Pods Resources */,
			);
			buildRules = (
			);
			dependencies = (
			);
			name = AFNetWorkingParte1;
			productName = AFNetWorkingParte1;
			productReference = FC2C79031E9FDC6700E54AAB /* AFNetWorkingParte1.app */;
			productType = "com.apple.product-type.application";
		};
/* End PBXNativeTarget section */

/* Begin PBXProject section */
		FC2C78FB1E9FDC6700E54AAB /* Project object */ = {
			isa = PBXProject;
			attributes = {
				LastUpgradeCheck = 0830;
				ORGANIZATIONNAME = "Felipe Hernandez";
				TargetAttributes = {
					FC2C79021E9FDC6700E54AAB = {
						CreatedOnToolsVersion = 8.3.1;
						ProvisioningStyle = Automatic;
					};
				};
			};
			buildConfigurationList = FC2C78FE1E9FDC6700E54AAB /* Build configuration list for PBXProject "AFNetWorkingParte1" */;
			compatibilityVersion = "Xcode 3.2";
			developmentRegion = English;
			hasScannedForEncodings = 0;
			knownRegions = (
				en,
				Base,
			);
			mainGroup = FC2C78FA1E9FDC6700E54AAB;
			productRefGroup = FC2C79041E9FDC6700E54AAB /* Products */;
			projectDirPath = "";
			projectRoot = "";
			targets = (
				FC2C79021E9FDC6700E54AAB /* AFNetWorkingParte1 */,
			);
		};
/* End PBXProject section */

/* Begin PBXResourcesBuildPhase section */
		FC2C79011E9FDC6700E54AAB /* Resources */ = {
			isa = PBXResourcesBuildPhase;
			buildActionMask = 2147483647;
			files = (
				FC2C79101E9FDC6700E54AAB /* Assets.xcassets in Resources */,
				FC2C79131E9FDC6700E54AAB /* Main.storyboard in Resources */,
			);
			runOnlyForDeploymentPostprocessing = 0;
		};
/* End PBXResourcesBuildPhase section */

/* Begin PBXShellScriptBuildPhase section */
		19A660655A80E6640C89B80A /* [CP] Check Pods Manifest.lock */ = {
			isa = PBXShellScriptBuildPhase;
			buildActionMask = 2147483647;
			files = (
			);
			inputPaths = (
			);
			name = "[CP] Check Pods Manifest.lock";
			outputPaths = (
			);
			runOnlyForDeploymentPostprocessing = 0;
			shellPath = /bin/sh;
			shellScript = "diff \"${PODS_ROOT}/../Podfile.lock\" \"${PODS_ROOT}/Manifest.lock\" > /dev/null\nif [ $? != 0 ] ; then\n    # print error to STDERR\n    echo \"error: The sandbox is not in sync with the Podfile.lock. Run 'pod install' or update your CocoaPods installation.\" >&2\n    exit 1\nfi\n";
			showEnvVarsInLog = 0;
		};
		50FC551627ECFE5B33160771 /* [CP] Embed Pods Frameworks */ = {
			isa = PBXShellScriptBuildPhase;
			buildActionMask = 2147483647;
			files = (
			);
			inputPaths = (
			);
			name = "[CP] Embed Pods Frameworks";
			outputPaths = (
			);
			runOnlyForDeploymentPostprocessing = 0;
			shellPath = /bin/sh;
			shellScript = "\"${SRCROOT}/Pods/Target Support Files/Pods-AFNetWorkingParte1/Pods-AFNetWorkingParte1-frameworks.sh\"\n";
			showEnvVarsInLog = 0;
		};
		ACCAE2F04A7FED8069D3B05D /* [CP] Copy Pods Resources */ = {
			isa = PBXShellScriptBuildPhase;
			buildActionMask = 2147483647;
			files = (
			);
			inputPaths = (
			);
			name = "[CP] Copy Pods Resources";
			outputPaths = (
			);
			runOnlyForDeploymentPostprocessing = 0;
			shellPath = /bin/sh;
			shellScript = "\"${SRCROOT}/Pods/Target Support Files/Pods-AFNetWorkingParte1/Pods-AFNetWorkingParte1-resources.sh\"\n";
			showEnvVarsInLog = 0;
		};
/* End PBXShellScriptBuildPhase section */

/* Begin PBXSourcesBuildPhase section */
		FC2C78FF1E9FDC6700E54AAB /* Sources */ = {
			isa = PBXSourcesBuildPhase;
			buildActionMask = 2147483647;
			files = (
				FC2C790E1E9FDC6700E54AAB /* ViewController.m in Sources */,
				FC2C790B1E9FDC6700E54AAB /* main.m in Sources */,
				FC2C79081E9FDC6700E54AAB /* AppDelegate.m in Sources */,
			);
			runOnlyForDeploymentPostprocessing = 0;
		};
/* End PBXSourcesBuildPhase section */

/* Begin PBXVariantGroup section */
		FC2C79111E9FDC6700E54AAB /* Main.storyboard */ = {
			isa = PBXVariantGroup;
			children = (
				FC2C79121E9FDC6700E54AAB /* Base */,
			);
			name = Main.storyboard;
			sourceTree = "<group>";
		};
/* End PBXVariantGroup section */

/* Begin XCBuildConfiguration section */
		FC2C79151E9FDC6700E54AAB /* Debug */ = {
			isa = XCBuildConfiguration;
			buildSettings = {
				ALWAYS_SEARCH_USER_PATHS = NO;
				CLANG_ANALYZER_NONNULL = YES;
				CLANG_ANALYZER_NUMBER_OBJECT_CONVERSION = YES_AGGRESSIVE;
				CLANG_CXX_LANGUAGE_STANDARD = "gnu++0x";
				CLANG_CXX_LIBRARY = "libc++";
				CLANG_ENABLE_MODULES = YES;
				CLANG_ENABLE_OBJC_ARC = YES;
				CLANG_WARN_BOOL_CONVERSION = YES;
				CLANG_WARN_CONSTANT_CONVERSION = YES;
				CLANG_WARN_DIRECT_OBJC_ISA_USAGE = YES_ERROR;
				CLANG_WARN_DOCUMENTATION_COMMENTS = YES;
				CLANG_WARN_EMPTY_BODY = YES;
				CLANG_WARN_ENUM_CONVERSION = YES;
				CLANG_WARN_INFINITE_RECURSION = YES;
				CLANG_WARN_INT_CONVERSION = YES;
				CLANG_WARN_OBJC_ROOT_CLASS = YES_ERROR;
				CLANG_WARN_SUSPICIOUS_MOVE = YES;
				CLANG_WARN_UNREACHABLE_CODE = YES;
				CLANG_WARN__DUPLICATE_METHOD_MATCH = YES;
				CODE_SIGN_IDENTITY = "-";
				COPY_PHASE_STRIP = NO;
				DEBUG_INFORMATION_FORMAT = dwarf;
				ENABLE_STRICT_OBJC_MSGSEND = YES;
				ENABLE_TESTABILITY = YES;
				GCC_C_LANGUAGE_STANDARD = gnu99;
				GCC_DYNAMIC_NO_PIC = NO;
				GCC_NO_COMMON_BLOCKS = YES;
				GCC_OPTIMIZATION_LEVEL = 0;
				GCC_PREPROCESSOR_DEFINITIONS = (
					"DEBUG=1",
					"$(inherited)",
				);
				GCC_WARN_64_TO_32_BIT_CONVERSION = YES;
				GCC_WARN_ABOUT_RETURN_TYPE = YES_ERROR;
				GCC_WARN_UNDECLARED_SELECTOR = YES;
				GCC_WARN_UNINITIALIZED_AUTOS = YES_AGGRESSIVE;
				GCC_WARN_UNUSED_FUNCTION = YES;
				GCC_WARN_UNUSED_VARIABLE = YES;
				MACOSX_DEPLOYMENT_TARGET = 10.12;
				MTL_ENABLE_DEBUG_INFO = YES;
				ONLY_ACTIVE_ARCH = YES;
				SDKROOT = macosx;
			};
			name = Debug;
		};
		FC2C79161E9FDC6700E54AAB /* Release */ = {
			isa = XCBuildConfiguration;
			buildSettings = {
				ALWAYS_SEARCH_USER_PATHS = NO;
				CLANG_ANALYZER_NONNULL = YES;
				CLANG_ANALYZER_NUMBER_OBJECT_CONVERSION = YES_AGGRESSIVE;
				CLANG_CXX_LANGUAGE_STANDARD = "gnu++0x";
				CLANG_CXX_LIBRARY = "libc++";
				CLANG_ENABLE_MODULES = YES;
				CLANG_ENABLE_OBJC_ARC = YES;
				CLANG_WARN_BOOL_CONVERSION = YES;
				CLANG_WARN_CONSTANT_CONVERSION = YES;
				CLANG_WARN_DIRECT_OBJC_ISA_USAGE = YES_ERROR;
				CLANG_WARN_DOCUMENTATION_COMMENTS = YES;
				CLANG_WARN_EMPTY_BODY = YES;
				CLANG_WARN_ENUM_CONVERSION = YES;
				CLANG_WARN_INFINITE_RECURSION = YES;
				CLANG_WARN_INT_CONVERSION = YES;
				CLANG_WARN_OBJC_ROOT_CLASS = YES_ERROR;
				CLANG_WARN_SUSPICIOUS_MOVE = YES;
				CLANG_WARN_UNREACHABLE_CODE = YES;
				CLANG_WARN__DUPLICATE_METHOD_MATCH = YES;
				CODE_SIGN_IDENTITY = "-";
				COPY_PHASE_STRIP = NO;
				DEBUG_INFORMATION_FORMAT = "dwarf-with-dsym";
				ENABLE_NS_ASSERTIONS = NO;
				ENABLE_STRICT_OBJC_MSGSEND = YES;
				GCC_C_LANGUAGE_STANDARD = gnu99;
				GCC_NO_COMMON_BLOCKS = YES;
				GCC_WARN_64_TO_32_BIT_CONVERSION = YES;
				GCC_WARN_ABOUT_RETURN_TYPE = YES_ERROR;
				GCC_WARN_UNDECLARED_SELECTOR = YES;
				GCC_WARN_UNINITIALIZED_AUTOS = YES_AGGRESSIVE;
				GCC_WARN_UNUSED_FUNCTION = YES;
				GCC_WARN_UNUSED_VARIABLE = YES;
				MACOSX_DEPLOYMENT_TARGET = 10.12;
				MTL_ENABLE_DEBUG_INFO = NO;
				SDKROOT = macosx;
			};
			name = Release;
		};
		FC2C79181E9FDC6700E54AAB /* Debug */ = {
			isa = XCBuildConfiguration;
			baseConfigurationReference = 2400E2515E379B5986503B1B /* Pods-AFNetWorkingParte1.debug.xcconfig */;
			buildSettings = {
				ASSETCATALOG_COMPILER_APPICON_NAME = AppIcon;
				COMBINE_HIDPI_IMAGES = YES;
				INFOPLIST_FILE = AFNetWorkingParte1/Info.plist;
				LD_RUNPATH_SEARCH_PATHS = "$(inherited) @executable_path/../Frameworks";
				PRODUCT_BUNDLE_IDENTIFIER = com.app.felipe.AFNetWorkingParte1;
				PRODUCT_NAME = "$(TARGET_NAME)";
			};
			name = Debug;
		};
		FC2C79191E9FDC6700E54AAB /* Release */ = {
			isa = XCBuildConfiguration;
			baseConfigurationReference = 141FE182FE254189E395EE4A /* Pods-AFNetWorkingParte1.release.xcconfig */;
			buildSettings = {
				ASSETCATALOG_COMPILER_APPICON_NAME = AppIcon;
				COMBINE_HIDPI_IMAGES = YES;
				INFOPLIST_FILE = AFNetWorkingParte1/Info.plist;
				LD_RUNPATH_SEARCH_PATHS = "$(inherited) @executable_path/../Frameworks";
				PRODUCT_BUNDLE_IDENTIFIER = com.app.felipe.AFNetWorkingParte1;
				PRODUCT_NAME = "$(TARGET_NAME)";
			};
			name = Release;
		};
/* End XCBuildConfiguration section */

/* Begin XCConfigurationList section */
		FC2C78FE1E9FDC6700E54AAB /* Build configuration list for PBXProject "AFNetWorkingParte1" */ = {
			isa = XCConfigurationList;
			buildConfigurations = (
				FC2C79151E9FDC6700E54AAB /* Debug */,
				FC2C79161E9FDC6700E54AAB /* Release */,
			);
			defaultConfigurationIsVisible = 0;
			defaultConfigurationName = Release;
		};
		FC2C79171E9FDC6700E54AAB /* Build configuration list for PBXNativeTarget "AFNetWorkingParte1" */ = {
			isa = XCConfigurationList;
			buildConfigurations = (
				FC2C79181E9FDC6700E54AAB /* Debug */,
				FC2C79191E9FDC6700E54AAB /* Release */,
			);
			defaultConfigurationIsVisible = 0;
			defaultConfigurationName = Release;
		};
/* End XCConfigurationList section */
	};
	rootObject = FC2C78FB1E9FDC6700E54AAB /* Project object */;
}
